// !$*UTF8*$!
{
	archiveVersion = 1;
	classes = {
	};
	objectVersion = 46;
	objects = {

/* Begin PBXBuildFile section */
		6B3BF40C1C1F01E40023EC48 /* AppDelegate.swift in Sources */ = {isa = PBXBuildFile; fileRef = 6B3BF40B1C1F01E40023EC48 /* AppDelegate.swift */; };
		6B3BF4111C1F01E40023EC48 /* Main.storyboard in Resources */ = {isa = PBXBuildFile; fileRef = 6B3BF40F1C1F01E40023EC48 /* Main.storyboard */; };
		6B3BF4131C1F01E40023EC48 /* Assets.xcassets in Resources */ = {isa = PBXBuildFile; fileRef = 6B3BF4121C1F01E40023EC48 /* Assets.xcassets */; };
		6B3BF4161C1F01E40023EC48 /* LaunchScreen.storyboard in Resources */ = {isa = PBXBuildFile; fileRef = 6B3BF4141C1F01E40023EC48 /* LaunchScreen.storyboard */; };
		6B3BF4441C1F040D0023EC48 /* Bolts.framework in Frameworks */ = {isa = PBXBuildFile; fileRef = 6B3BF4381C1F03E20023EC48 /* Bolts.framework */; };
		6B3BF4451C1F040D0023EC48 /* Parse.framework in Frameworks */ = {isa = PBXBuildFile; fileRef = 6B3BF4391C1F03E20023EC48 /* Parse.framework */; };
		6B3BF4461C1F040D0023EC48 /* ParseFacebookUtils.framework in Frameworks */ = {isa = PBXBuildFile; fileRef = 6B3BF43A1C1F03E20023EC48 /* ParseFacebookUtils.framework */; };
		6B3BF4471C1F040D0023EC48 /* ParseFacebookUtilsV4.framework in Frameworks */ = {isa = PBXBuildFile; fileRef = 6B3BF43B1C1F03E20023EC48 /* ParseFacebookUtilsV4.framework */; };
		6B3BF4481C1F040D0023EC48 /* ParseTwitterUtils.framework in Frameworks */ = {isa = PBXBuildFile; fileRef = 6B3BF43C1C1F03E20023EC48 /* ParseTwitterUtils.framework */; };
		6B3BF4491C1F040D0023EC48 /* ParseUI.framework in Frameworks */ = {isa = PBXBuildFile; fileRef = 6B3BF43D1C1F03E20023EC48 /* ParseUI.framework */; };
		6B3BF44B1C1F061D0023EC48 /* Accounts.framework in Frameworks */ = {isa = PBXBuildFile; fileRef = 6B3BF44A1C1F061D0023EC48 /* Accounts.framework */; };
		6B3BF44D1C1F06280023EC48 /* AudioToolbox.framework in Frameworks */ = {isa = PBXBuildFile; fileRef = 6B3BF44C1C1F06280023EC48 /* AudioToolbox.framework */; };
		6B3BF44F1C1F06300023EC48 /* CFNetwork.framework in Frameworks */ = {isa = PBXBuildFile; fileRef = 6B3BF44E1C1F06300023EC48 /* CFNetwork.framework */; };
		6B3BF4511C1F06390023EC48 /* CoreGraphics.framework in Frameworks */ = {isa = PBXBuildFile; fileRef = 6B3BF4501C1F06390023EC48 /* CoreGraphics.framework */; };
		6B3BF4531C1F06410023EC48 /* CoreLocation.framework in Frameworks */ = {isa = PBXBuildFile; fileRef = 6B3BF4521C1F06410023EC48 /* CoreLocation.framework */; };
		6B3BF4551C1F06490023EC48 /* QuartzCore.framework in Frameworks */ = {isa = PBXBuildFile; fileRef = 6B3BF4541C1F06490023EC48 /* QuartzCore.framework */; };
		6B3BF4571C1F06520023EC48 /* Security.framework in Frameworks */ = {isa = PBXBuildFile; fileRef = 6B3BF4561C1F06520023EC48 /* Security.framework */; };
		6B3BF4591C1F065E0023EC48 /* Social.framework in Frameworks */ = {isa = PBXBuildFile; fileRef = 6B3BF4581C1F065E0023EC48 /* Social.framework */; };
		6B3BF45B1C1F06660023EC48 /* StoreKit.framework in Frameworks */ = {isa = PBXBuildFile; fileRef = 6B3BF45A1C1F06660023EC48 /* StoreKit.framework */; };
		6B3BF45D1C1F066D0023EC48 /* SystemConfiguration.framework in Frameworks */ = {isa = PBXBuildFile; fileRef = 6B3BF45C1C1F066D0023EC48 /* SystemConfiguration.framework */; };
		6B3BF45F1C1F06740023EC48 /* libz.tbd in Frameworks */ = {isa = PBXBuildFile; fileRef = 6B3BF45E1C1F06740023EC48 /* libz.tbd */; };
		6B3BF4611C1F067B0023EC48 /* libsqlite3.tbd in Frameworks */ = {isa = PBXBuildFile; fileRef = 6B3BF4601C1F067B0023EC48 /* libsqlite3.tbd */; };
		6BA81C281C20169200CF3880 /* Login.storyboard in Resources */ = {isa = PBXBuildFile; fileRef = 6BA81C271C20169200CF3880 /* Login.storyboard */; };
		6BAB9A411C1F3A28004D2408 /* LoginViewController.swift in Sources */ = {isa = PBXBuildFile; fileRef = 6BAB9A3E1C1F3A28004D2408 /* LoginViewController.swift */; };
		6BAB9A421C1F3A28004D2408 /* RegisterViewController.swift in Sources */ = {isa = PBXBuildFile; fileRef = 6BAB9A3F1C1F3A28004D2408 /* RegisterViewController.swift */; };
		6BAB9A431C1F3A28004D2408 /* SelectRegisterViewController.swift in Sources */ = {isa = PBXBuildFile; fileRef = 6BAB9A401C1F3A28004D2408 /* SelectRegisterViewController.swift */; };
		6BBE2E841C1F72760085B2D3 /* User.swift in Sources */ = {isa = PBXBuildFile; fileRef = 6BBE2E831C1F72760085B2D3 /* User.swift */; };
		6BC670E71C20249B001CC579 /* Redirect.swift in Sources */ = {isa = PBXBuildFile; fileRef = 6BC670E61C20249B001CC579 /* Redirect.swift */; };
		6BC670E91C2024CE001CC579 /* Alert.swift in Sources */ = {isa = PBXBuildFile; fileRef = 6BC670E81C2024CE001CC579 /* Alert.swift */; };
		6BC670EB1C20288E001CC579 /* Event.swift in Sources */ = {isa = PBXBuildFile; fileRef = 6BC670EA1C20288E001CC579 /* Event.swift */; };
		6BC670EE1C202B51001CC579 /* NetworkManager.swift in Sources */ = {isa = PBXBuildFile; fileRef = 6BC670ED1C202B51001CC579 /* NetworkManager.swift */; };
		6BC670F21C202EE0001CC579 /* EventViewController.swift in Sources */ = {isa = PBXBuildFile; fileRef = 6BC670F11C202EE0001CC579 /* EventViewController.swift */; };
		6BE88EA11C2010C300427E57 /* HomeViewController.swift in Sources */ = {isa = PBXBuildFile; fileRef = 6BE88EA01C2010C300427E57 /* HomeViewController.swift */; };
		E46331DDA4591283FCBB8D60 /* Pods_clock.framework in Frameworks */ = {isa = PBXBuildFile; fileRef = 95A8EE7798AB4B103D387937 /* Pods_clock.framework */; };
/* End PBXBuildFile section */

/* Begin PBXFileReference section */
		6B3BF4081C1F01E40023EC48 /* clock.app */ = {isa = PBXFileReference; explicitFileType = wrapper.application; includeInIndex = 0; path = clock.app; sourceTree = BUILT_PRODUCTS_DIR; };
		6B3BF40B1C1F01E40023EC48 /* AppDelegate.swift */ = {isa = PBXFileReference; lastKnownFileType = sourcecode.swift; path = AppDelegate.swift; sourceTree = "<group>"; };
		6B3BF4101C1F01E40023EC48 /* Base */ = {isa = PBXFileReference; lastKnownFileType = file.storyboard; name = Base; path = Base.lproj/Main.storyboard; sourceTree = "<group>"; };
		6B3BF4121C1F01E40023EC48 /* Assets.xcassets */ = {isa = PBXFileReference; lastKnownFileType = folder.assetcatalog; path = Assets.xcassets; sourceTree = "<group>"; };
		6B3BF4151C1F01E40023EC48 /* Base */ = {isa = PBXFileReference; lastKnownFileType = file.storyboard; name = Base; path = Base.lproj/LaunchScreen.storyboard; sourceTree = "<group>"; };
		6B3BF4171C1F01E40023EC48 /* Info.plist */ = {isa = PBXFileReference; lastKnownFileType = text.plist.xml; path = Info.plist; sourceTree = "<group>"; };
		6B3BF4381C1F03E20023EC48 /* Bolts.framework */ = {isa = PBXFileReference; lastKnownFileType = wrapper.framework; path = Bolts.framework; sourceTree = "<group>"; };
		6B3BF4391C1F03E20023EC48 /* Parse.framework */ = {isa = PBXFileReference; lastKnownFileType = wrapper.framework; path = Parse.framework; sourceTree = "<group>"; };
		6B3BF43A1C1F03E20023EC48 /* ParseFacebookUtils.framework */ = {isa = PBXFileReference; lastKnownFileType = wrapper.framework; path = ParseFacebookUtils.framework; sourceTree = "<group>"; };
		6B3BF43B1C1F03E20023EC48 /* ParseFacebookUtilsV4.framework */ = {isa = PBXFileReference; lastKnownFileType = wrapper.framework; path = ParseFacebookUtilsV4.framework; sourceTree = "<group>"; };
		6B3BF43C1C1F03E20023EC48 /* ParseTwitterUtils.framework */ = {isa = PBXFileReference; lastKnownFileType = wrapper.framework; path = ParseTwitterUtils.framework; sourceTree = "<group>"; };
		6B3BF43D1C1F03E20023EC48 /* ParseUI.framework */ = {isa = PBXFileReference; lastKnownFileType = wrapper.framework; path = ParseUI.framework; sourceTree = "<group>"; };
		6B3BF44A1C1F061D0023EC48 /* Accounts.framework */ = {isa = PBXFileReference; lastKnownFileType = wrapper.framework; name = Accounts.framework; path = System/Library/Frameworks/Accounts.framework; sourceTree = SDKROOT; };
		6B3BF44C1C1F06280023EC48 /* AudioToolbox.framework */ = {isa = PBXFileReference; lastKnownFileType = wrapper.framework; name = AudioToolbox.framework; path = System/Library/Frameworks/AudioToolbox.framework; sourceTree = SDKROOT; };
		6B3BF44E1C1F06300023EC48 /* CFNetwork.framework */ = {isa = PBXFileReference; lastKnownFileType = wrapper.framework; name = CFNetwork.framework; path = System/Library/Frameworks/CFNetwork.framework; sourceTree = SDKROOT; };
		6B3BF4501C1F06390023EC48 /* CoreGraphics.framework */ = {isa = PBXFileReference; lastKnownFileType = wrapper.framework; name = CoreGraphics.framework; path = System/Library/Frameworks/CoreGraphics.framework; sourceTree = SDKROOT; };
		6B3BF4521C1F06410023EC48 /* CoreLocation.framework */ = {isa = PBXFileReference; lastKnownFileType = wrapper.framework; name = CoreLocation.framework; path = System/Library/Frameworks/CoreLocation.framework; sourceTree = SDKROOT; };
		6B3BF4541C1F06490023EC48 /* QuartzCore.framework */ = {isa = PBXFileReference; lastKnownFileType = wrapper.framework; name = QuartzCore.framework; path = System/Library/Frameworks/QuartzCore.framework; sourceTree = SDKROOT; };
		6B3BF4561C1F06520023EC48 /* Security.framework */ = {isa = PBXFileReference; lastKnownFileType = wrapper.framework; name = Security.framework; path = System/Library/Frameworks/Security.framework; sourceTree = SDKROOT; };
		6B3BF4581C1F065E0023EC48 /* Social.framework */ = {isa = PBXFileReference; lastKnownFileType = wrapper.framework; name = Social.framework; path = System/Library/Frameworks/Social.framework; sourceTree = SDKROOT; };
		6B3BF45A1C1F06660023EC48 /* StoreKit.framework */ = {isa = PBXFileReference; lastKnownFileType = wrapper.framework; name = StoreKit.framework; path = System/Library/Frameworks/StoreKit.framework; sourceTree = SDKROOT; };
		6B3BF45C1C1F066D0023EC48 /* SystemConfiguration.framework */ = {isa = PBXFileReference; lastKnownFileType = wrapper.framework; name = SystemConfiguration.framework; path = System/Library/Frameworks/SystemConfiguration.framework; sourceTree = SDKROOT; };
		6B3BF45E1C1F06740023EC48 /* libz.tbd */ = {isa = PBXFileReference; lastKnownFileType = "sourcecode.text-based-dylib-definition"; name = libz.tbd; path = usr/lib/libz.tbd; sourceTree = SDKROOT; };
		6B3BF4601C1F067B0023EC48 /* libsqlite3.tbd */ = {isa = PBXFileReference; lastKnownFileType = "sourcecode.text-based-dylib-definition"; name = libsqlite3.tbd; path = usr/lib/libsqlite3.tbd; sourceTree = SDKROOT; };
		6BA81C271C20169200CF3880 /* Login.storyboard */ = {isa = PBXFileReference; fileEncoding = 4; lastKnownFileType = file.storyboard; name = Login.storyboard; path = Clock/Login.storyboard; sourceTree = SOURCE_ROOT; };
		6BAB9A3E1C1F3A28004D2408 /* LoginViewController.swift */ = {isa = PBXFileReference; fileEncoding = 4; lastKnownFileType = sourcecode.swift; path = LoginViewController.swift; sourceTree = "<group>"; };
		6BAB9A3F1C1F3A28004D2408 /* RegisterViewController.swift */ = {isa = PBXFileReference; fileEncoding = 4; lastKnownFileType = sourcecode.swift; path = RegisterViewController.swift; sourceTree = "<group>"; };
		6BAB9A401C1F3A28004D2408 /* SelectRegisterViewController.swift */ = {isa = PBXFileReference; fileEncoding = 4; lastKnownFileType = sourcecode.swift; path = SelectRegisterViewController.swift; sourceTree = "<group>"; };
		6BBE2E831C1F72760085B2D3 /* User.swift */ = {isa = PBXFileReference; fileEncoding = 4; lastKnownFileType = sourcecode.swift; path = User.swift; sourceTree = "<group>"; };
		6BC670E61C20249B001CC579 /* Redirect.swift */ = {isa = PBXFileReference; fileEncoding = 4; lastKnownFileType = sourcecode.swift; path = Redirect.swift; sourceTree = "<group>"; };
		6BC670E81C2024CE001CC579 /* Alert.swift */ = {isa = PBXFileReference; fileEncoding = 4; lastKnownFileType = sourcecode.swift; path = Alert.swift; sourceTree = "<group>"; };
		6BC670EA1C20288E001CC579 /* Event.swift */ = {isa = PBXFileReference; fileEncoding = 4; lastKnownFileType = sourcecode.swift; path = Event.swift; sourceTree = "<group>"; };
		6BC670ED1C202B51001CC579 /* NetworkManager.swift */ = {isa = PBXFileReference; fileEncoding = 4; lastKnownFileType = sourcecode.swift; path = NetworkManager.swift; sourceTree = "<group>"; };
		6BC670F11C202EE0001CC579 /* EventViewController.swift */ = {isa = PBXFileReference; fileEncoding = 4; lastKnownFileType = sourcecode.swift; path = EventViewController.swift; sourceTree = "<group>"; };
		6BE88EA01C2010C300427E57 /* HomeViewController.swift */ = {isa = PBXFileReference; fileEncoding = 4; lastKnownFileType = sourcecode.swift; path = HomeViewController.swift; sourceTree = "<group>"; };
		8DFDE6C678C0114A0AE13F52 /* Pods-clock.debug.xcconfig */ = {isa = PBXFileReference; includeInIndex = 1; lastKnownFileType = text.xcconfig; name = "Pods-clock.debug.xcconfig"; path = "Pods/Target Support Files/Pods-clock/Pods-clock.debug.xcconfig"; sourceTree = "<group>"; };
		95A8EE7798AB4B103D387937 /* Pods_clock.framework */ = {isa = PBXFileReference; explicitFileType = wrapper.framework; includeInIndex = 0; path = Pods_clock.framework; sourceTree = BUILT_PRODUCTS_DIR; };
		C012C0103820C3CBAF658908 /* Pods-clock.release.xcconfig */ = {isa = PBXFileReference; includeInIndex = 1; lastKnownFileType = text.xcconfig; name = "Pods-clock.release.xcconfig"; path = "Pods/Target Support Files/Pods-clock/Pods-clock.release.xcconfig"; sourceTree = "<group>"; };
/* End PBXFileReference section */

/* Begin PBXFrameworksBuildPhase section */
		6B3BF4051C1F01E40023EC48 /* Frameworks */ = {
			isa = PBXFrameworksBuildPhase;
			buildActionMask = 2147483647;
			files = (
				6B3BF4611C1F067B0023EC48 /* libsqlite3.tbd in Frameworks */,
				6B3BF45F1C1F06740023EC48 /* libz.tbd in Frameworks */,
				6B3BF45D1C1F066D0023EC48 /* SystemConfiguration.framework in Frameworks */,
				6B3BF45B1C1F06660023EC48 /* StoreKit.framework in Frameworks */,
				6B3BF4591C1F065E0023EC48 /* Social.framework in Frameworks */,
				6B3BF4571C1F06520023EC48 /* Security.framework in Frameworks */,
				6B3BF4551C1F06490023EC48 /* QuartzCore.framework in Frameworks */,
				6B3BF4531C1F06410023EC48 /* CoreLocation.framework in Frameworks */,
				6B3BF4511C1F06390023EC48 /* CoreGraphics.framework in Frameworks */,
				6B3BF44F1C1F06300023EC48 /* CFNetwork.framework in Frameworks */,
				6B3BF44D1C1F06280023EC48 /* AudioToolbox.framework in Frameworks */,
				6B3BF44B1C1F061D0023EC48 /* Accounts.framework in Frameworks */,
				6B3BF4441C1F040D0023EC48 /* Bolts.framework in Frameworks */,
				6B3BF4451C1F040D0023EC48 /* Parse.framework in Frameworks */,
				6B3BF4461C1F040D0023EC48 /* ParseFacebookUtils.framework in Frameworks */,
				6B3BF4471C1F040D0023EC48 /* ParseFacebookUtilsV4.framework in Frameworks */,
				6B3BF4481C1F040D0023EC48 /* ParseTwitterUtils.framework in Frameworks */,
				6B3BF4491C1F040D0023EC48 /* ParseUI.framework in Frameworks */,
				E46331DDA4591283FCBB8D60 /* Pods_clock.framework in Frameworks */,
			);
			runOnlyForDeploymentPostprocessing = 0;
		};
/* End PBXFrameworksBuildPhase section */

/* Begin PBXGroup section */
		00263610EEBE2821E52480A0 /* Pods */ = {
			isa = PBXGroup;
			children = (
				8DFDE6C678C0114A0AE13F52 /* Pods-clock.debug.xcconfig */,
				C012C0103820C3CBAF658908 /* Pods-clock.release.xcconfig */,
			);
			name = Pods;
			sourceTree = "<group>";
		};
		6B3BF3FF1C1F01E40023EC48 = {
			isa = PBXGroup;
			children = (
				6B3BF4371C1F03E20023EC48 /* Framework */,
				6B3BF40A1C1F01E40023EC48 /* Clock */,
				6B3BF4091C1F01E40023EC48 /* Products */,
				00263610EEBE2821E52480A0 /* Pods */,
				8BC5798C66C8B6A0BFA21757 /* Frameworks */,
			);
			sourceTree = "<group>";
		};
		6B3BF4091C1F01E40023EC48 /* Products */ = {
			isa = PBXGroup;
			children = (
				6B3BF4081C1F01E40023EC48 /* clock.app */,
			);
			name = Products;
			sourceTree = "<group>";
		};
		6B3BF40A1C1F01E40023EC48 /* Clock */ = {
			isa = PBXGroup;
			children = (
				6BC670EC1C202A11001CC579 /* Network */,
				6BC670E51C20249B001CC579 /* Helper */,
				6BAB9A451C1F3A3A004D2408 /* View */,
				6BAB9A441C1F3A35004D2408 /* Model */,
				6BAB9A3D1C1F3A28004D2408 /* Controller */,
				6B3BF40B1C1F01E40023EC48 /* AppDelegate.swift */,
				6B3BF4121C1F01E40023EC48 /* Assets.xcassets */,
				6B3BF4141C1F01E40023EC48 /* LaunchScreen.storyboard */,
				6B3BF4171C1F01E40023EC48 /* Info.plist */,
			);
			name = Clock;
			path = clock;
			sourceTree = "<group>";
		};
		6B3BF4371C1F03E20023EC48 /* Framework */ = {
			isa = PBXGroup;
			children = (
				6B3BF4601C1F067B0023EC48 /* libsqlite3.tbd */,
				6B3BF45E1C1F06740023EC48 /* libz.tbd */,
				6B3BF45C1C1F066D0023EC48 /* SystemConfiguration.framework */,
				6B3BF45A1C1F06660023EC48 /* StoreKit.framework */,
				6B3BF4581C1F065E0023EC48 /* Social.framework */,
				6B3BF4561C1F06520023EC48 /* Security.framework */,
				6B3BF4541C1F06490023EC48 /* QuartzCore.framework */,
				6B3BF4521C1F06410023EC48 /* CoreLocation.framework */,
				6B3BF4501C1F06390023EC48 /* CoreGraphics.framework */,
				6B3BF44E1C1F06300023EC48 /* CFNetwork.framework */,
				6B3BF44C1C1F06280023EC48 /* AudioToolbox.framework */,
				6B3BF44A1C1F061D0023EC48 /* Accounts.framework */,
				6B3BF4381C1F03E20023EC48 /* Bolts.framework */,
				6B3BF4391C1F03E20023EC48 /* Parse.framework */,
				6B3BF43A1C1F03E20023EC48 /* ParseFacebookUtils.framework */,
				6B3BF43B1C1F03E20023EC48 /* ParseFacebookUtilsV4.framework */,
				6B3BF43C1C1F03E20023EC48 /* ParseTwitterUtils.framework */,
				6B3BF43D1C1F03E20023EC48 /* ParseUI.framework */,
			);
			path = Framework;
			sourceTree = "<group>";
		};
		6BAB9A3D1C1F3A28004D2408 /* Controller */ = {
			isa = PBXGroup;
			children = (
				6BAB9A3E1C1F3A28004D2408 /* LoginViewController.swift */,
				6BAB9A3F1C1F3A28004D2408 /* RegisterViewController.swift */,
				6BAB9A401C1F3A28004D2408 /* SelectRegisterViewController.swift */,
				6BE88EA01C2010C300427E57 /* HomeViewController.swift */,
				6BC670F11C202EE0001CC579 /* EventViewController.swift */,
			);
			name = Controller;
			path = Clock/Controller;
			sourceTree = SOURCE_ROOT;
		};
		6BAB9A441C1F3A35004D2408 /* Model */ = {
			isa = PBXGroup;
			children = (
				6BBE2E831C1F72760085B2D3 /* User.swift */,
				6BC670EA1C20288E001CC579 /* Event.swift */,
			);
			name = Model;
			path = Clock/Model;
			sourceTree = SOURCE_ROOT;
		};
		6BAB9A451C1F3A3A004D2408 /* View */ = {
			isa = PBXGroup;
			children = (
				6B3BF40F1C1F01E40023EC48 /* Main.storyboard */,
				6BA81C271C20169200CF3880 /* Login.storyboard */,
			);
			name = View;
			path = Clock/View;
			sourceTree = SOURCE_ROOT;
		};
		6BC670E51C20249B001CC579 /* Helper */ = {
			isa = PBXGroup;
			children = (
				6BC670E61C20249B001CC579 /* Redirect.swift */,
				6BC670E81C2024CE001CC579 /* Alert.swift */,
			);
			name = Helper;
			path = Clock/Helper;
			sourceTree = SOURCE_ROOT;
		};
		6BC670EC1C202A11001CC579 /* Network */ = {
			isa = PBXGroup;
			children = (
				6BC670ED1C202B51001CC579 /* NetworkManager.swift */,
			);
			name = Network;
			path = Clock/Network;
			sourceTree = SOURCE_ROOT;
		};
		8BC5798C66C8B6A0BFA21757 /* Frameworks */ = {
			isa = PBXGroup;
			children = (
				95A8EE7798AB4B103D387937 /* Pods_clock.framework */,
			);
			name = Frameworks;
			sourceTree = "<group>";
		};
/* End PBXGroup section */

/* Begin PBXNativeTarget section */
		6B3BF4071C1F01E40023EC48 /* clock */ = {
			isa = PBXNativeTarget;
			buildConfigurationList = 6B3BF41A1C1F01E40023EC48 /* Build configuration list for PBXNativeTarget "clock" */;
			buildPhases = (
				67D92D1F4A2B273490F4F9AB /* Check Pods Manifest.lock */,
				6B3BF4041C1F01E40023EC48 /* Sources */,
				6B3BF4051C1F01E40023EC48 /* Frameworks */,
				6B3BF4061C1F01E40023EC48 /* Resources */,
				E3956F37330B8D1A7C2B9A76 /* Embed Pods Frameworks */,
				58B1E4D74D234D2041FCC4EB /* Copy Pods Resources */,
			);
			buildRules = (
			);
			dependencies = (
			);
			name = clock;
			productName = clock;
			productReference = 6B3BF4081C1F01E40023EC48 /* clock.app */;
			productType = "com.apple.product-type.application";
		};
/* End PBXNativeTarget section */

/* Begin PBXProject section */
		6B3BF4001C1F01E40023EC48 /* Project object */ = {
			isa = PBXProject;
			attributes = {
				LastSwiftUpdateCheck = 0720;
				LastUpgradeCheck = 0720;
				ORGANIZATIONNAME = paulboiseau;
				TargetAttributes = {
					6B3BF4071C1F01E40023EC48 = {
						CreatedOnToolsVersion = 7.2;
						DevelopmentTeam = HV4W59R5LD;
					};
				};
			};
			buildConfigurationList = 6B3BF4031C1F01E40023EC48 /* Build configuration list for PBXProject "clock" */;
			compatibilityVersion = "Xcode 3.2";
			developmentRegion = English;
			hasScannedForEncodings = 0;
			knownRegions = (
				en,
				Base,
			);
			mainGroup = 6B3BF3FF1C1F01E40023EC48;
			productRefGroup = 6B3BF4091C1F01E40023EC48 /* Products */;
			projectDirPath = "";
			projectRoot = "";
			targets = (
				6B3BF4071C1F01E40023EC48 /* clock */,
			);
		};
/* End PBXProject section */

/* Begin PBXResourcesBuildPhase section */
		6B3BF4061C1F01E40023EC48 /* Resources */ = {
			isa = PBXResourcesBuildPhase;
			buildActionMask = 2147483647;
			files = (
				6BA81C281C20169200CF3880 /* Login.storyboard in Resources */,
				6B3BF4161C1F01E40023EC48 /* LaunchScreen.storyboard in Resources */,
				6B3BF4131C1F01E40023EC48 /* Assets.xcassets in Resources */,
				6B3BF4111C1F01E40023EC48 /* Main.storyboard in Resources */,
			);
			runOnlyForDeploymentPostprocessing = 0;
		};
/* End PBXResourcesBuildPhase section */

/* Begin PBXShellScriptBuildPhase section */
		58B1E4D74D234D2041FCC4EB /* Copy Pods Resources */ = {
			isa = PBXShellScriptBuildPhase;
			buildActionMask = 2147483647;
			files = (
			);
			inputPaths = (
			);
			name = "Copy Pods Resources";
			outputPaths = (
			);
			runOnlyForDeploymentPostprocessing = 0;
			shellPath = /bin/sh;
			shellScript = "\"${SRCROOT}/Pods/Target Support Files/Pods-clock/Pods-clock-resources.sh\"\n";
			showEnvVarsInLog = 0;
		};
		67D92D1F4A2B273490F4F9AB /* Check Pods Manifest.lock */ = {
			isa = PBXShellScriptBuildPhase;
			buildActionMask = 2147483647;
			files = (
			);
			inputPaths = (
			);
			name = "Check Pods Manifest.lock";
			outputPaths = (
			);
			runOnlyForDeploymentPostprocessing = 0;
			shellPath = /bin/sh;
			shellScript = "diff \"${PODS_ROOT}/../Podfile.lock\" \"${PODS_ROOT}/Manifest.lock\" > /dev/null\nif [[ $? != 0 ]] ; then\n    cat << EOM\nerror: The sandbox is not in sync with the Podfile.lock. Run 'pod install' or update your CocoaPods installation.\nEOM\n    exit 1\nfi\n";
			showEnvVarsInLog = 0;
		};
		E3956F37330B8D1A7C2B9A76 /* Embed Pods Frameworks */ = {
			isa = PBXShellScriptBuildPhase;
			buildActionMask = 2147483647;
			files = (
			);
			inputPaths = (
			);
			name = "Embed Pods Frameworks";
			outputPaths = (
			);
			runOnlyForDeploymentPostprocessing = 0;
			shellPath = /bin/sh;
			shellScript = "\"${SRCROOT}/Pods/Target Support Files/Pods-clock/Pods-clock-frameworks.sh\"\n";
			showEnvVarsInLog = 0;
		};
/* End PBXShellScriptBuildPhase section */

/* Begin PBXSourcesBuildPhase section */
		6B3BF4041C1F01E40023EC48 /* Sources */ = {
			isa = PBXSourcesBuildPhase;
			buildActionMask = 2147483647;
			files = (
				6BC670E71C20249B001CC579 /* Redirect.swift in Sources */,
				6BC670F21C202EE0001CC579 /* EventViewController.swift in Sources */,
				6BC670EB1C20288E001CC579 /* Event.swift in Sources */,
				6BC670EE1C202B51001CC579 /* NetworkManager.swift in Sources */,
				6BAB9A421C1F3A28004D2408 /* RegisterViewController.swift in Sources */,
				6BAB9A411C1F3A28004D2408 /* LoginViewController.swift in Sources */,
				6BAB9A431C1F3A28004D2408 /* SelectRegisterViewController.swift in Sources */,
				6BBE2E841C1F72760085B2D3 /* User.swift in Sources */,
				6B3BF40C1C1F01E40023EC48 /* AppDelegate.swift in Sources */,
				6BC670E91C2024CE001CC579 /* Alert.swift in Sources */,
				6BE88EA11C2010C300427E57 /* HomeViewController.swift in Sources */,
			);
			runOnlyForDeploymentPostprocessing = 0;
		};
/* End PBXSourcesBuildPhase section */

/* Begin PBXVariantGroup section */
		6B3BF40F1C1F01E40023EC48 /* Main.storyboard */ = {
			isa = PBXVariantGroup;
			children = (
				6B3BF4101C1F01E40023EC48 /* Base */,
			);
			name = Main.storyboard;
			path = ../../clock;
			sourceTree = "<group>";
		};
		6B3BF4141C1F01E40023EC48 /* LaunchScreen.storyboard */ = {
			isa = PBXVariantGroup;
			children = (
				6B3BF4151C1F01E40023EC48 /* Base */,
			);
			name = LaunchScreen.storyboard;
			sourceTree = "<group>";
		};
/* End PBXVariantGroup section */

/* Begin XCBuildConfiguration section */
		6B3BF4181C1F01E40023EC48 /* Debug */ = {
			isa = XCBuildConfiguration;
			buildSettings = {
				ALWAYS_SEARCH_USER_PATHS = NO;
				CLANG_CXX_LANGUAGE_STANDARD = "gnu++0x";
				CLANG_CXX_LIBRARY = "libc++";
				CLANG_ENABLE_MODULES = YES;
				CLANG_ENABLE_OBJC_ARC = YES;
				CLANG_WARN_BOOL_CONVERSION = YES;
				CLANG_WARN_CONSTANT_CONVERSION = YES;
				CLANG_WARN_DIRECT_OBJC_ISA_USAGE = YES_ERROR;
				CLANG_WARN_EMPTY_BODY = YES;
				CLANG_WARN_ENUM_CONVERSION = YES;
				CLANG_WARN_INT_CONVERSION = YES;
				CLANG_WARN_OBJC_ROOT_CLASS = YES_ERROR;
				CLANG_WARN_UNREACHABLE_CODE = YES;
				CLANG_WARN__DUPLICATE_METHOD_MATCH = YES;
				"CODE_SIGN_IDENTITY[sdk=iphoneos*]" = "iPhone Developer";
				COPY_PHASE_STRIP = NO;
				DEBUG_INFORMATION_FORMAT = dwarf;
				ENABLE_STRICT_OBJC_MSGSEND = YES;
				ENABLE_TESTABILITY = YES;
				GCC_C_LANGUAGE_STANDARD = gnu99;
				GCC_DYNAMIC_NO_PIC = NO;
				GCC_NO_COMMON_BLOCKS = YES;
				GCC_OPTIMIZATION_LEVEL = 0;
				GCC_PREPROCESSOR_DEFINITIONS = (
					"DEBUG=1",
					"$(inherited)",
				);
				GCC_WARN_64_TO_32_BIT_CONVERSION = YES;
				GCC_WARN_ABOUT_RETURN_TYPE = YES_ERROR;
				GCC_WARN_UNDECLARED_SELECTOR = YES;
				GCC_WARN_UNINITIALIZED_AUTOS = YES_AGGRESSIVE;
				GCC_WARN_UNUSED_FUNCTION = YES;
				GCC_WARN_UNUSED_VARIABLE = YES;
				IPHONEOS_DEPLOYMENT_TARGET = 9.2;
				MTL_ENABLE_DEBUG_INFO = YES;
				ONLY_ACTIVE_ARCH = YES;
				SDKROOT = iphoneos;
				SWIFT_OPTIMIZATION_LEVEL = "-Onone";
			};
			name = Debug;
		};
		6B3BF4191C1F01E40023EC48 /* Release */ = {
			isa = XCBuildConfiguration;
			buildSettings = {
				ALWAYS_SEARCH_USER_PATHS = NO;
				CLANG_CXX_LANGUAGE_STANDARD = "gnu++0x";
				CLANG_CXX_LIBRARY = "libc++";
				CLANG_ENABLE_MODULES = YES;
				CLANG_ENABLE_OBJC_ARC = YES;
				CLANG_WARN_BOOL_CONVERSION = YES;
				CLANG_WARN_CONSTANT_CONVERSION = YES;
				CLANG_WARN_DIRECT_OBJC_ISA_USAGE = YES_ERROR;
				CLANG_WARN_EMPTY_BODY = YES;
				CLANG_WARN_ENUM_CONVERSION = YES;
				CLANG_WARN_INT_CONVERSION = YES;
				CLANG_WARN_OBJC_ROOT_CLASS = YES_ERROR;
				CLANG_WARN_UNREACHABLE_CODE = YES;
				CLANG_WARN__DUPLICATE_METHOD_MATCH = YES;
				"CODE_SIGN_IDENTITY[sdk=iphoneos*]" = "iPhone Developer";
				COPY_PHASE_STRIP = NO;
				DEBUG_INFORMATION_FORMAT = "dwarf-with-dsym";
				ENABLE_NS_ASSERTIONS = NO;
				ENABLE_STRICT_OBJC_MSGSEND = YES;
				GCC_C_LANGUAGE_STANDARD = gnu99;
				GCC_NO_COMMON_BLOCKS = YES;
				GCC_WARN_64_TO_32_BIT_CONVERSION = YES;
				GCC_WARN_ABOUT_RETURN_TYPE = YES_ERROR;
				GCC_WARN_UNDECLARED_SELECTOR = YES;
				GCC_WARN_UNINITIALIZED_AUTOS = YES_AGGRESSIVE;
				GCC_WARN_UNUSED_FUNCTION = YES;
				GCC_WARN_UNUSED_VARIABLE = YES;
				IPHONEOS_DEPLOYMENT_TARGET = 9.2;
				MTL_ENABLE_DEBUG_INFO = NO;
				SDKROOT = iphoneos;
				VALIDATE_PRODUCT = YES;
			};
			name = Release;
		};
		6B3BF41B1C1F01E40023EC48 /* Debug */ = {
			isa = XCBuildConfiguration;
			baseConfigurationReference = 8DFDE6C678C0114A0AE13F52 /* Pods-clock.debug.xcconfig */;
			buildSettings = {
				ASSETCATALOG_COMPILER_APPICON_NAME = AppIcon;
				CODE_SIGN_IDENTITY = "iPhone Developer";
				FRAMEWORK_SEARCH_PATHS = (
					"$(inherited)",
					"$(PROJECT_DIR)/clock",
					"$(PROJECT_DIR)/framework",
					"$(PROJECT_DIR)/Framework",
				);
				INFOPLIST_FILE = clock/Info.plist;
				IPHONEOS_DEPLOYMENT_TARGET = 9.0;
				LD_RUNPATH_SEARCH_PATHS = "$(inherited) @executable_path/Frameworks";
				PRODUCT_BUNDLE_IDENTIFIER = com.paulboiseau.clock;
				PRODUCT_NAME = "$(TARGET_NAME)";
			};
			name = Debug;
		};
		6B3BF41C1C1F01E40023EC48 /* Release */ = {
			isa = XCBuildConfiguration;
			baseConfigurationReference = C012C0103820C3CBAF658908 /* Pods-clock.release.xcconfig */;
			buildSettings = {
				ASSETCATALOG_COMPILER_APPICON_NAME = AppIcon;
				CODE_SIGN_IDENTITY = "iPhone Developer";
				FRAMEWORK_SEARCH_PATHS = (
					"$(inherited)",
					"$(PROJECT_DIR)/clock",
					"$(PROJECT_DIR)/framework",
					"$(PROJECT_DIR)/Framework",
				);
				INFOPLIST_FILE = clock/Info.plist;
				IPHONEOS_DEPLOYMENT_TARGET = 9.0;
				LD_RUNPATH_SEARCH_PATHS = "$(inherited) @executable_path/Frameworks";
				PRODUCT_BUNDLE_IDENTIFIER = com.paulboiseau.clock;
				PRODUCT_NAME = "$(TARGET_NAME)";
			};
			name = Release;
		};
/* End XCBuildConfiguration section */

/* Begin XCConfigurationList section */
		6B3BF4031C1F01E40023EC48 /* Build configuration list for PBXProject "clock" */ = {
			isa = XCConfigurationList;
			buildConfigurations = (
				6B3BF4181C1F01E40023EC48 /* Debug */,
				6B3BF4191C1F01E40023EC48 /* Release */,
			);
			defaultConfigurationIsVisible = 0;
			defaultConfigurationName = Release;
		};
		6B3BF41A1C1F01E40023EC48 /* Build configuration list for PBXNativeTarget "clock" */ = {
			isa = XCConfigurationList;
			buildConfigurations = (
				6B3BF41B1C1F01E40023EC48 /* Debug */,
				6B3BF41C1C1F01E40023EC48 /* Release */,
			);
			defaultConfigurationIsVisible = 0;
			defaultConfigurationName = Release;
		};
/* End XCConfigurationList section */
	};
	rootObject = 6B3BF4001C1F01E40023EC48 /* Project object */;
}
