// !$*UTF8*$!
{
	archiveVersion = 1;
	classes = {
	};
	objectVersion = 46;
	objects = {

/* Begin PBXBuildFile section */
		6B0312661C21752500D48AE4 /* UserTableViewCell.swift in Sources */ = {isa = PBXBuildFile; fileRef = 6B0312651C21752500D48AE4 /* UserTableViewCell.swift */; };
		6B0312681C21758E00D48AE4 /* UserSynchroniser.swift in Sources */ = {isa = PBXBuildFile; fileRef = 6B0312671C21758E00D48AE4 /* UserSynchroniser.swift */; };
		6B032D281C20561800983F7D /* CustomTextField.swift in Sources */ = {isa = PBXBuildFile; fileRef = 6B032D271C20561800983F7D /* CustomTextField.swift */; };
		6B0C46281C220D610059D9B3 /* GuestSynchroniser.swift in Sources */ = {isa = PBXBuildFile; fileRef = 6B0C46271C220D610059D9B3 /* GuestSynchroniser.swift */; };
		6B0C462A1C220DEF0059D9B3 /* Guest.swift in Sources */ = {isa = PBXBuildFile; fileRef = 6B0C46291C220DEF0059D9B3 /* Guest.swift */; };
		6B0C46301C2233180059D9B3 /* CheckinSynchroniser.swift in Sources */ = {isa = PBXBuildFile; fileRef = 6B0C462F1C2233180059D9B3 /* CheckinSynchroniser.swift */; };
		6B0C46321C2233300059D9B3 /* Checkin.swift in Sources */ = {isa = PBXBuildFile; fileRef = 6B0C46311C2233300059D9B3 /* Checkin.swift */; };
		6B1254D01C20AEBA00B10CFA /* Bolts.framework in Frameworks */ = {isa = PBXBuildFile; fileRef = 6B1254C41C20AEBA00B10CFA /* Bolts.framework */; };
		6B1254D11C20AEBA00B10CFA /* FacebookSDKStrings.bundle in Resources */ = {isa = PBXBuildFile; fileRef = 6B1254C51C20AEBA00B10CFA /* FacebookSDKStrings.bundle */; };
		6B1254D21C20AEBA00B10CFA /* FBAudienceNetwork.framework in Frameworks */ = {isa = PBXBuildFile; fileRef = 6B1254C61C20AEBA00B10CFA /* FBAudienceNetwork.framework */; };
		6B1254D31C20AEBA00B10CFA /* FBSDKCoreKit.framework in Frameworks */ = {isa = PBXBuildFile; fileRef = 6B1254C71C20AEBA00B10CFA /* FBSDKCoreKit.framework */; };
		6B1254D41C20AEBA00B10CFA /* FBSDKLoginKit.framework in Frameworks */ = {isa = PBXBuildFile; fileRef = 6B1254C81C20AEBA00B10CFA /* FBSDKLoginKit.framework */; };
		6B1254D51C20AEBA00B10CFA /* FBSDKMessengerShareKit.framework in Frameworks */ = {isa = PBXBuildFile; fileRef = 6B1254C91C20AEBA00B10CFA /* FBSDKMessengerShareKit.framework */; };
		6B1254D61C20AEBA00B10CFA /* FBSDKShareKit.framework in Frameworks */ = {isa = PBXBuildFile; fileRef = 6B1254CA1C20AEBA00B10CFA /* FBSDKShareKit.framework */; };
		6B1254D71C20AEBA00B10CFA /* Parse.framework in Frameworks */ = {isa = PBXBuildFile; fileRef = 6B1254CB1C20AEBA00B10CFA /* Parse.framework */; };
		6B1254D91C20AEBA00B10CFA /* ParseFacebookUtilsV4.framework in Frameworks */ = {isa = PBXBuildFile; fileRef = 6B1254CD1C20AEBA00B10CFA /* ParseFacebookUtilsV4.framework */; };
		6B1254DA1C20AEBA00B10CFA /* ParseTwitterUtils.framework in Frameworks */ = {isa = PBXBuildFile; fileRef = 6B1254CE1C20AEBA00B10CFA /* ParseTwitterUtils.framework */; };
		6B1254DB1C20AEBA00B10CFA /* ParseUI.framework in Frameworks */ = {isa = PBXBuildFile; fileRef = 6B1254CF1C20AEBA00B10CFA /* ParseUI.framework */; };
		6B1A89221C203D4C00B72307 /* NetworkOperation.swift in Sources */ = {isa = PBXBuildFile; fileRef = 6B1A89211C203D4C00B72307 /* NetworkOperation.swift */; };
		6B1A89241C203F0E00B72307 /* ParseModelProtocol.swift in Sources */ = {isa = PBXBuildFile; fileRef = 6B1A89231C203F0E00B72307 /* ParseModelProtocol.swift */; };
		6B1A893B1C20427200B72307 /* Font.swift in Sources */ = {isa = PBXBuildFile; fileRef = 6B1A893A1C20427200B72307 /* Font.swift */; };
		6B1A893D1C2042B800B72307 /* UIColorFromRGBA.swift in Sources */ = {isa = PBXBuildFile; fileRef = 6B1A893C1C2042B800B72307 /* UIColorFromRGBA.swift */; };
		6B1A89491C20460100B72307 /* Lato-Black.ttf in Resources */ = {isa = PBXBuildFile; fileRef = 6B1A893F1C20460100B72307 /* Lato-Black.ttf */; };
		6B1A894A1C20460100B72307 /* Lato-BlackItalic.ttf in Resources */ = {isa = PBXBuildFile; fileRef = 6B1A89401C20460100B72307 /* Lato-BlackItalic.ttf */; };
		6B1A894B1C20460100B72307 /* Lato-Bold.ttf in Resources */ = {isa = PBXBuildFile; fileRef = 6B1A89411C20460100B72307 /* Lato-Bold.ttf */; };
		6B1A894C1C20460100B72307 /* Lato-BoldItalic.ttf in Resources */ = {isa = PBXBuildFile; fileRef = 6B1A89421C20460100B72307 /* Lato-BoldItalic.ttf */; };
		6B1A894D1C20460100B72307 /* Lato-Hairline.ttf in Resources */ = {isa = PBXBuildFile; fileRef = 6B1A89431C20460100B72307 /* Lato-Hairline.ttf */; };
		6B1A894E1C20460100B72307 /* Lato-HairlineItalic.ttf in Resources */ = {isa = PBXBuildFile; fileRef = 6B1A89441C20460100B72307 /* Lato-HairlineItalic.ttf */; };
		6B1A894F1C20460100B72307 /* Lato-Italic.ttf in Resources */ = {isa = PBXBuildFile; fileRef = 6B1A89451C20460100B72307 /* Lato-Italic.ttf */; };
		6B1A89501C20460100B72307 /* Lato-Light.ttf in Resources */ = {isa = PBXBuildFile; fileRef = 6B1A89461C20460100B72307 /* Lato-Light.ttf */; };
		6B1A89511C20460100B72307 /* Lato-LightItalic.ttf in Resources */ = {isa = PBXBuildFile; fileRef = 6B1A89471C20460100B72307 /* Lato-LightItalic.ttf */; };
		6B1A89521C20460100B72307 /* Lato-Regular.ttf in Resources */ = {isa = PBXBuildFile; fileRef = 6B1A89481C20460100B72307 /* Lato-Regular.ttf */; };
		6B3BF40C1C1F01E40023EC48 /* AppDelegate.swift in Sources */ = {isa = PBXBuildFile; fileRef = 6B3BF40B1C1F01E40023EC48 /* AppDelegate.swift */; };
		6B3BF4111C1F01E40023EC48 /* Main.storyboard in Resources */ = {isa = PBXBuildFile; fileRef = 6B3BF40F1C1F01E40023EC48 /* Main.storyboard */; };
		6B3BF4161C1F01E40023EC48 /* LaunchScreen.storyboard in Resources */ = {isa = PBXBuildFile; fileRef = 6B3BF4141C1F01E40023EC48 /* LaunchScreen.storyboard */; };
		6B3BF4441C1F040D0023EC48 /* Bolts.framework in Frameworks */ = {isa = PBXBuildFile; fileRef = 6B3BF4381C1F03E20023EC48 /* Bolts.framework */; };
		6B3BF4451C1F040D0023EC48 /* Parse.framework in Frameworks */ = {isa = PBXBuildFile; fileRef = 6B3BF4391C1F03E20023EC48 /* Parse.framework */; };
		6B3BF4471C1F040D0023EC48 /* ParseFacebookUtilsV4.framework in Frameworks */ = {isa = PBXBuildFile; fileRef = 6B3BF43B1C1F03E20023EC48 /* ParseFacebookUtilsV4.framework */; };
		6B3BF4481C1F040D0023EC48 /* ParseTwitterUtils.framework in Frameworks */ = {isa = PBXBuildFile; fileRef = 6B3BF43C1C1F03E20023EC48 /* ParseTwitterUtils.framework */; };
		6B3BF4491C1F040D0023EC48 /* ParseUI.framework in Frameworks */ = {isa = PBXBuildFile; fileRef = 6B3BF43D1C1F03E20023EC48 /* ParseUI.framework */; };
		6B3BF44B1C1F061D0023EC48 /* Accounts.framework in Frameworks */ = {isa = PBXBuildFile; fileRef = 6B3BF44A1C1F061D0023EC48 /* Accounts.framework */; };
		6B3BF44D1C1F06280023EC48 /* AudioToolbox.framework in Frameworks */ = {isa = PBXBuildFile; fileRef = 6B3BF44C1C1F06280023EC48 /* AudioToolbox.framework */; };
		6B3BF44F1C1F06300023EC48 /* CFNetwork.framework in Frameworks */ = {isa = PBXBuildFile; fileRef = 6B3BF44E1C1F06300023EC48 /* CFNetwork.framework */; };
		6B3BF4511C1F06390023EC48 /* CoreGraphics.framework in Frameworks */ = {isa = PBXBuildFile; fileRef = 6B3BF4501C1F06390023EC48 /* CoreGraphics.framework */; };
		6B3BF4531C1F06410023EC48 /* CoreLocation.framework in Frameworks */ = {isa = PBXBuildFile; fileRef = 6B3BF4521C1F06410023EC48 /* CoreLocation.framework */; };
		6B3BF4551C1F06490023EC48 /* QuartzCore.framework in Frameworks */ = {isa = PBXBuildFile; fileRef = 6B3BF4541C1F06490023EC48 /* QuartzCore.framework */; };
		6B3BF4571C1F06520023EC48 /* Security.framework in Frameworks */ = {isa = PBXBuildFile; fileRef = 6B3BF4561C1F06520023EC48 /* Security.framework */; };
		6B3BF4591C1F065E0023EC48 /* Social.framework in Frameworks */ = {isa = PBXBuildFile; fileRef = 6B3BF4581C1F065E0023EC48 /* Social.framework */; };
		6B3BF45B1C1F06660023EC48 /* StoreKit.framework in Frameworks */ = {isa = PBXBuildFile; fileRef = 6B3BF45A1C1F06660023EC48 /* StoreKit.framework */; };
		6B3BF45D1C1F066D0023EC48 /* SystemConfiguration.framework in Frameworks */ = {isa = PBXBuildFile; fileRef = 6B3BF45C1C1F066D0023EC48 /* SystemConfiguration.framework */; };
		6B3BF45F1C1F06740023EC48 /* libz.tbd in Frameworks */ = {isa = PBXBuildFile; fileRef = 6B3BF45E1C1F06740023EC48 /* libz.tbd */; };
		6B3BF4611C1F067B0023EC48 /* libsqlite3.tbd in Frameworks */ = {isa = PBXBuildFile; fileRef = 6B3BF4601C1F067B0023EC48 /* libsqlite3.tbd */; };
		6B4CDE3E1C206D05000AB56E /* AccountViewController.swift in Sources */ = {isa = PBXBuildFile; fileRef = 6B4CDE3D1C206D05000AB56E /* AccountViewController.swift */; };
		6B4CDE401C206D82000AB56E /* NavigationController.swift in Sources */ = {isa = PBXBuildFile; fileRef = 6B4CDE3F1C206D82000AB56E /* NavigationController.swift */; };
		6B4CDE431C208C9E000AB56E /* EventSynchroniser.swift in Sources */ = {isa = PBXBuildFile; fileRef = 6B4CDE421C208C9E000AB56E /* EventSynchroniser.swift */; };
		6B5D4D3E1C20C0B300B7EB09 /* EventTableViewCell.swift in Sources */ = {isa = PBXBuildFile; fileRef = 6B5D4D3D1C20C0B300B7EB09 /* EventTableViewCell.swift */; };
		6B5D4D401C20C18700B7EB09 /* EventDetailViewController.swift in Sources */ = {isa = PBXBuildFile; fileRef = 6B5D4D3F1C20C18700B7EB09 /* EventDetailViewController.swift */; };
		6B8142631C21AA2B00D3E4AD /* Array.swift in Sources */ = {isa = PBXBuildFile; fileRef = 6B8142621C21AA2B00D3E4AD /* Array.swift */; };
		6B8142651C21ABB000D3E4AD /* Assets.xcassets in Resources */ = {isa = PBXBuildFile; fileRef = 6B8142641C21ABB000D3E4AD /* Assets.xcassets */; };
		6B8142671C22050200D3E4AD /* FriendCollectionViewCell.swift in Sources */ = {isa = PBXBuildFile; fileRef = 6B8142661C22050200D3E4AD /* FriendCollectionViewCell.swift */; };
		6BA81C281C20169200CF3880 /* Login.storyboard in Resources */ = {isa = PBXBuildFile; fileRef = 6BA81C271C20169200CF3880 /* Login.storyboard */; };
		6BAB9A411C1F3A28004D2408 /* LoginViewController.swift in Sources */ = {isa = PBXBuildFile; fileRef = 6BAB9A3E1C1F3A28004D2408 /* LoginViewController.swift */; };
		6BAB9A421C1F3A28004D2408 /* RegisterViewController.swift in Sources */ = {isa = PBXBuildFile; fileRef = 6BAB9A3F1C1F3A28004D2408 /* RegisterViewController.swift */; };
		6BBE2E841C1F72760085B2D3 /* User.swift in Sources */ = {isa = PBXBuildFile; fileRef = 6BBE2E831C1F72760085B2D3 /* User.swift */; };
		6BC670E71C20249B001CC579 /* Redirect.swift in Sources */ = {isa = PBXBuildFile; fileRef = 6BC670E61C20249B001CC579 /* Redirect.swift */; };
		6BC670E91C2024CE001CC579 /* Alert.swift in Sources */ = {isa = PBXBuildFile; fileRef = 6BC670E81C2024CE001CC579 /* Alert.swift */; };
		6BC670EB1C20288E001CC579 /* Event.swift in Sources */ = {isa = PBXBuildFile; fileRef = 6BC670EA1C20288E001CC579 /* Event.swift */; };
		6BC670F21C202EE0001CC579 /* EventViewController.swift in Sources */ = {isa = PBXBuildFile; fileRef = 6BC670F11C202EE0001CC579 /* EventViewController.swift */; };
		6BCD81E11C215C1E002035FA /* EventFriendViewController.swift in Sources */ = {isa = PBXBuildFile; fileRef = 6BCD81E01C215C1E002035FA /* EventFriendViewController.swift */; };
		6BCD81E41C216CC4002035FA /* SearchFriendViewController.swift in Sources */ = {isa = PBXBuildFile; fileRef = 6BCD81E31C216CC4002035FA /* SearchFriendViewController.swift */; };
		6BE88EA11C2010C300427E57 /* HomeViewController.swift in Sources */ = {isa = PBXBuildFile; fileRef = 6BE88EA01C2010C300427E57 /* HomeViewController.swift */; };
		E46331DDA4591283FCBB8D60 /* Pods_clock.framework in Frameworks */ = {isa = PBXBuildFile; fileRef = 95A8EE7798AB4B103D387937 /* Pods_clock.framework */; };
/* End PBXBuildFile section */

/* Begin PBXFileReference section */
		6B0312651C21752500D48AE4 /* UserTableViewCell.swift */ = {isa = PBXFileReference; fileEncoding = 4; lastKnownFileType = sourcecode.swift; path = UserTableViewCell.swift; sourceTree = "<group>"; };
		6B0312671C21758E00D48AE4 /* UserSynchroniser.swift */ = {isa = PBXFileReference; fileEncoding = 4; lastKnownFileType = sourcecode.swift; path = UserSynchroniser.swift; sourceTree = "<group>"; };
		6B032D271C20561800983F7D /* CustomTextField.swift */ = {isa = PBXFileReference; fileEncoding = 4; lastKnownFileType = sourcecode.swift; path = CustomTextField.swift; sourceTree = "<group>"; };
		6B0C46251C22073D0059D9B3 /* try.playground */ = {isa = PBXFileReference; lastKnownFileType = file.playground; path = try.playground; sourceTree = "<group>"; };
		6B0C46271C220D610059D9B3 /* GuestSynchroniser.swift */ = {isa = PBXFileReference; fileEncoding = 4; lastKnownFileType = sourcecode.swift; path = GuestSynchroniser.swift; sourceTree = "<group>"; };
		6B0C46291C220DEF0059D9B3 /* Guest.swift */ = {isa = PBXFileReference; fileEncoding = 4; lastKnownFileType = sourcecode.swift; path = Guest.swift; sourceTree = "<group>"; };
		6B0C462F1C2233180059D9B3 /* CheckinSynchroniser.swift */ = {isa = PBXFileReference; fileEncoding = 4; lastKnownFileType = sourcecode.swift; path = CheckinSynchroniser.swift; sourceTree = "<group>"; };
		6B0C46311C2233300059D9B3 /* Checkin.swift */ = {isa = PBXFileReference; fileEncoding = 4; lastKnownFileType = sourcecode.swift; path = Checkin.swift; sourceTree = "<group>"; };
		6B1254C41C20AEBA00B10CFA /* Bolts.framework */ = {isa = PBXFileReference; lastKnownFileType = wrapper.framework; path = Bolts.framework; sourceTree = "<group>"; };
		6B1254C51C20AEBA00B10CFA /* FacebookSDKStrings.bundle */ = {isa = PBXFileReference; lastKnownFileType = "wrapper.plug-in"; path = FacebookSDKStrings.bundle; sourceTree = "<group>"; };
		6B1254C61C20AEBA00B10CFA /* FBAudienceNetwork.framework */ = {isa = PBXFileReference; lastKnownFileType = wrapper.framework; path = FBAudienceNetwork.framework; sourceTree = "<group>"; };
		6B1254C71C20AEBA00B10CFA /* FBSDKCoreKit.framework */ = {isa = PBXFileReference; lastKnownFileType = wrapper.framework; path = FBSDKCoreKit.framework; sourceTree = "<group>"; };
		6B1254C81C20AEBA00B10CFA /* FBSDKLoginKit.framework */ = {isa = PBXFileReference; lastKnownFileType = wrapper.framework; path = FBSDKLoginKit.framework; sourceTree = "<group>"; };
		6B1254C91C20AEBA00B10CFA /* FBSDKMessengerShareKit.framework */ = {isa = PBXFileReference; lastKnownFileType = wrapper.framework; path = FBSDKMessengerShareKit.framework; sourceTree = "<group>"; };
		6B1254CA1C20AEBA00B10CFA /* FBSDKShareKit.framework */ = {isa = PBXFileReference; lastKnownFileType = wrapper.framework; path = FBSDKShareKit.framework; sourceTree = "<group>"; };
		6B1254CB1C20AEBA00B10CFA /* Parse.framework */ = {isa = PBXFileReference; lastKnownFileType = wrapper.framework; path = Parse.framework; sourceTree = "<group>"; };
		6B1254CC1C20AEBA00B10CFA /* ParseFacebookUtils.framework */ = {isa = PBXFileReference; lastKnownFileType = wrapper.framework; path = ParseFacebookUtils.framework; sourceTree = "<group>"; };
		6B1254CD1C20AEBA00B10CFA /* ParseFacebookUtilsV4.framework */ = {isa = PBXFileReference; lastKnownFileType = wrapper.framework; path = ParseFacebookUtilsV4.framework; sourceTree = "<group>"; };
		6B1254CE1C20AEBA00B10CFA /* ParseTwitterUtils.framework */ = {isa = PBXFileReference; lastKnownFileType = wrapper.framework; path = ParseTwitterUtils.framework; sourceTree = "<group>"; };
		6B1254CF1C20AEBA00B10CFA /* ParseUI.framework */ = {isa = PBXFileReference; lastKnownFileType = wrapper.framework; path = ParseUI.framework; sourceTree = "<group>"; };
		6B1A89211C203D4C00B72307 /* NetworkOperation.swift */ = {isa = PBXFileReference; fileEncoding = 4; lastKnownFileType = sourcecode.swift; path = NetworkOperation.swift; sourceTree = "<group>"; };
		6B1A89231C203F0E00B72307 /* ParseModelProtocol.swift */ = {isa = PBXFileReference; fileEncoding = 4; lastKnownFileType = sourcecode.swift; path = ParseModelProtocol.swift; sourceTree = "<group>"; };
		6B1A893A1C20427200B72307 /* Font.swift */ = {isa = PBXFileReference; fileEncoding = 4; lastKnownFileType = sourcecode.swift; path = Font.swift; sourceTree = "<group>"; };
		6B1A893C1C2042B800B72307 /* UIColorFromRGBA.swift */ = {isa = PBXFileReference; fileEncoding = 4; lastKnownFileType = sourcecode.swift; path = UIColorFromRGBA.swift; sourceTree = "<group>"; };
		6B1A893F1C20460100B72307 /* Lato-Black.ttf */ = {isa = PBXFileReference; lastKnownFileType = file; path = "Lato-Black.ttf"; sourceTree = "<group>"; };
		6B1A89401C20460100B72307 /* Lato-BlackItalic.ttf */ = {isa = PBXFileReference; lastKnownFileType = file; path = "Lato-BlackItalic.ttf"; sourceTree = "<group>"; };
		6B1A89411C20460100B72307 /* Lato-Bold.ttf */ = {isa = PBXFileReference; lastKnownFileType = file; path = "Lato-Bold.ttf"; sourceTree = "<group>"; };
		6B1A89421C20460100B72307 /* Lato-BoldItalic.ttf */ = {isa = PBXFileReference; lastKnownFileType = file; path = "Lato-BoldItalic.ttf"; sourceTree = "<group>"; };
		6B1A89431C20460100B72307 /* Lato-Hairline.ttf */ = {isa = PBXFileReference; lastKnownFileType = file; path = "Lato-Hairline.ttf"; sourceTree = "<group>"; };
		6B1A89441C20460100B72307 /* Lato-HairlineItalic.ttf */ = {isa = PBXFileReference; lastKnownFileType = file; path = "Lato-HairlineItalic.ttf"; sourceTree = "<group>"; };
		6B1A89451C20460100B72307 /* Lato-Italic.ttf */ = {isa = PBXFileReference; lastKnownFileType = file; path = "Lato-Italic.ttf"; sourceTree = "<group>"; };
		6B1A89461C20460100B72307 /* Lato-Light.ttf */ = {isa = PBXFileReference; lastKnownFileType = file; path = "Lato-Light.ttf"; sourceTree = "<group>"; };
		6B1A89471C20460100B72307 /* Lato-LightItalic.ttf */ = {isa = PBXFileReference; lastKnownFileType = file; path = "Lato-LightItalic.ttf"; sourceTree = "<group>"; };
		6B1A89481C20460100B72307 /* Lato-Regular.ttf */ = {isa = PBXFileReference; lastKnownFileType = file; path = "Lato-Regular.ttf"; sourceTree = "<group>"; };
		6B3BF4081C1F01E40023EC48 /* clock.app */ = {isa = PBXFileReference; explicitFileType = wrapper.application; includeInIndex = 0; path = clock.app; sourceTree = BUILT_PRODUCTS_DIR; };
		6B3BF40B1C1F01E40023EC48 /* AppDelegate.swift */ = {isa = PBXFileReference; lastKnownFileType = sourcecode.swift; path = AppDelegate.swift; sourceTree = "<group>"; };
		6B3BF4101C1F01E40023EC48 /* Base */ = {isa = PBXFileReference; lastKnownFileType = file.storyboard; name = Base; path = Base.lproj/Main.storyboard; sourceTree = "<group>"; };
		6B3BF4151C1F01E40023EC48 /* Base */ = {isa = PBXFileReference; lastKnownFileType = file.storyboard; name = Base; path = Base.lproj/LaunchScreen.storyboard; sourceTree = "<group>"; };
		6B3BF4171C1F01E40023EC48 /* Info.plist */ = {isa = PBXFileReference; lastKnownFileType = text.plist.xml; path = Info.plist; sourceTree = "<group>"; };
		6B3BF4381C1F03E20023EC48 /* Bolts.framework */ = {isa = PBXFileReference; lastKnownFileType = wrapper.framework; path = Bolts.framework; sourceTree = "<group>"; };
		6B3BF4391C1F03E20023EC48 /* Parse.framework */ = {isa = PBXFileReference; lastKnownFileType = wrapper.framework; path = Parse.framework; sourceTree = "<group>"; };
		6B3BF43A1C1F03E20023EC48 /* ParseFacebookUtils.framework */ = {isa = PBXFileReference; lastKnownFileType = wrapper.framework; path = ParseFacebookUtils.framework; sourceTree = "<group>"; };
		6B3BF43B1C1F03E20023EC48 /* ParseFacebookUtilsV4.framework */ = {isa = PBXFileReference; lastKnownFileType = wrapper.framework; path = ParseFacebookUtilsV4.framework; sourceTree = "<group>"; };
		6B3BF43C1C1F03E20023EC48 /* ParseTwitterUtils.framework */ = {isa = PBXFileReference; lastKnownFileType = wrapper.framework; path = ParseTwitterUtils.framework; sourceTree = "<group>"; };
		6B3BF43D1C1F03E20023EC48 /* ParseUI.framework */ = {isa = PBXFileReference; lastKnownFileType = wrapper.framework; path = ParseUI.framework; sourceTree = "<group>"; };
		6B3BF44A1C1F061D0023EC48 /* Accounts.framework */ = {isa = PBXFileReference; lastKnownFileType = wrapper.framework; name = Accounts.framework; path = System/Library/Frameworks/Accounts.framework; sourceTree = SDKROOT; };
		6B3BF44C1C1F06280023EC48 /* AudioToolbox.framework */ = {isa = PBXFileReference; lastKnownFileType = wrapper.framework; name = AudioToolbox.framework; path = System/Library/Frameworks/AudioToolbox.framework; sourceTree = SDKROOT; };
		6B3BF44E1C1F06300023EC48 /* CFNetwork.framework */ = {isa = PBXFileReference; lastKnownFileType = wrapper.framework; name = CFNetwork.framework; path = System/Library/Frameworks/CFNetwork.framework; sourceTree = SDKROOT; };
		6B3BF4501C1F06390023EC48 /* CoreGraphics.framework */ = {isa = PBXFileReference; lastKnownFileType = wrapper.framework; name = CoreGraphics.framework; path = System/Library/Frameworks/CoreGraphics.framework; sourceTree = SDKROOT; };
		6B3BF4521C1F06410023EC48 /* CoreLocation.framework */ = {isa = PBXFileReference; lastKnownFileType = wrapper.framework; name = CoreLocation.framework; path = System/Library/Frameworks/CoreLocation.framework; sourceTree = SDKROOT; };
		6B3BF4541C1F06490023EC48 /* QuartzCore.framework */ = {isa = PBXFileReference; lastKnownFileType = wrapper.framework; name = QuartzCore.framework; path = System/Library/Frameworks/QuartzCore.framework; sourceTree = SDKROOT; };
		6B3BF4561C1F06520023EC48 /* Security.framework */ = {isa = PBXFileReference; lastKnownFileType = wrapper.framework; name = Security.framework; path = System/Library/Frameworks/Security.framework; sourceTree = SDKROOT; };
		6B3BF4581C1F065E0023EC48 /* Social.framework */ = {isa = PBXFileReference; lastKnownFileType = wrapper.framework; name = Social.framework; path = System/Library/Frameworks/Social.framework; sourceTree = SDKROOT; };
		6B3BF45A1C1F06660023EC48 /* StoreKit.framework */ = {isa = PBXFileReference; lastKnownFileType = wrapper.framework; name = StoreKit.framework; path = System/Library/Frameworks/StoreKit.framework; sourceTree = SDKROOT; };
		6B3BF45C1C1F066D0023EC48 /* SystemConfiguration.framework */ = {isa = PBXFileReference; lastKnownFileType = wrapper.framework; name = SystemConfiguration.framework; path = System/Library/Frameworks/SystemConfiguration.framework; sourceTree = SDKROOT; };
		6B3BF45E1C1F06740023EC48 /* libz.tbd */ = {isa = PBXFileReference; lastKnownFileType = "sourcecode.text-based-dylib-definition"; name = libz.tbd; path = usr/lib/libz.tbd; sourceTree = SDKROOT; };
		6B3BF4601C1F067B0023EC48 /* libsqlite3.tbd */ = {isa = PBXFileReference; lastKnownFileType = "sourcecode.text-based-dylib-definition"; name = libsqlite3.tbd; path = usr/lib/libsqlite3.tbd; sourceTree = SDKROOT; };
		6B4CDE3D1C206D05000AB56E /* AccountViewController.swift */ = {isa = PBXFileReference; fileEncoding = 4; lastKnownFileType = sourcecode.swift; path = AccountViewController.swift; sourceTree = "<group>"; };
		6B4CDE3F1C206D82000AB56E /* NavigationController.swift */ = {isa = PBXFileReference; fileEncoding = 4; lastKnownFileType = sourcecode.swift; path = NavigationController.swift; sourceTree = "<group>"; };
		6B4CDE421C208C9E000AB56E /* EventSynchroniser.swift */ = {isa = PBXFileReference; fileEncoding = 4; lastKnownFileType = sourcecode.swift; path = EventSynchroniser.swift; sourceTree = "<group>"; };
		6B5D4D3D1C20C0B300B7EB09 /* EventTableViewCell.swift */ = {isa = PBXFileReference; fileEncoding = 4; lastKnownFileType = sourcecode.swift; path = EventTableViewCell.swift; sourceTree = "<group>"; };
		6B5D4D3F1C20C18700B7EB09 /* EventDetailViewController.swift */ = {isa = PBXFileReference; fileEncoding = 4; lastKnownFileType = sourcecode.swift; path = EventDetailViewController.swift; sourceTree = "<group>"; };
		6B8142621C21AA2B00D3E4AD /* Array.swift */ = {isa = PBXFileReference; fileEncoding = 4; lastKnownFileType = sourcecode.swift; path = Array.swift; sourceTree = "<group>"; };
		6B8142641C21ABB000D3E4AD /* Assets.xcassets */ = {isa = PBXFileReference; lastKnownFileType = folder.assetcatalog; path = Assets.xcassets; sourceTree = "<group>"; };
		6B8142661C22050200D3E4AD /* FriendCollectionViewCell.swift */ = {isa = PBXFileReference; fileEncoding = 4; lastKnownFileType = sourcecode.swift; path = FriendCollectionViewCell.swift; sourceTree = "<group>"; };
		6B93FB081C20A8E600258CB1 /* FacebookSDK.framework */ = {isa = PBXFileReference; lastKnownFileType = wrapper.framework; name = FacebookSDK.framework; path = "Pods/../build/Debug-iphoneos/FacebookSDK.framework"; sourceTree = "<group>"; };
		6B93FB0A1C20AA9F00258CB1 /* clock-Bridging-Header.h */ = {isa = PBXFileReference; lastKnownFileType = sourcecode.c.h; name = "clock-Bridging-Header.h"; path = "../../clock/clock-Bridging-Header.h"; sourceTree = "<group>"; };
		6B93FB0D1C20AAF900258CB1 /* GoogleMaps.framework */ = {isa = PBXFileReference; lastKnownFileType = wrapper.framework; name = GoogleMaps.framework; path = Pods/GoogleMaps/Frameworks/GoogleMaps.framework; sourceTree = "<group>"; };
		6B93FB0F1C20ABB400258CB1 /* FBSDKCoreKit.framework */ = {isa = PBXFileReference; lastKnownFileType = wrapper.framework; name = FBSDKCoreKit.framework; path = Framework/FBSDKCoreKit.framework; sourceTree = "<group>"; };
		6B93FB101C20ABB400258CB1 /* FBSDKLoginKit.framework */ = {isa = PBXFileReference; lastKnownFileType = wrapper.framework; name = FBSDKLoginKit.framework; path = Framework/FBSDKLoginKit.framework; sourceTree = "<group>"; };
		6BA81C271C20169200CF3880 /* Login.storyboard */ = {isa = PBXFileReference; fileEncoding = 4; lastKnownFileType = file.storyboard; name = Login.storyboard; path = Clock/Login.storyboard; sourceTree = SOURCE_ROOT; };
		6BAB9A3E1C1F3A28004D2408 /* LoginViewController.swift */ = {isa = PBXFileReference; fileEncoding = 4; lastKnownFileType = sourcecode.swift; path = LoginViewController.swift; sourceTree = "<group>"; };
		6BAB9A3F1C1F3A28004D2408 /* RegisterViewController.swift */ = {isa = PBXFileReference; fileEncoding = 4; lastKnownFileType = sourcecode.swift; path = RegisterViewController.swift; sourceTree = "<group>"; };
		6BBE2E831C1F72760085B2D3 /* User.swift */ = {isa = PBXFileReference; fileEncoding = 4; lastKnownFileType = sourcecode.swift; path = User.swift; sourceTree = "<group>"; };
		6BC670E61C20249B001CC579 /* Redirect.swift */ = {isa = PBXFileReference; fileEncoding = 4; lastKnownFileType = sourcecode.swift; path = Redirect.swift; sourceTree = "<group>"; };
		6BC670E81C2024CE001CC579 /* Alert.swift */ = {isa = PBXFileReference; fileEncoding = 4; lastKnownFileType = sourcecode.swift; path = Alert.swift; sourceTree = "<group>"; };
		6BC670EA1C20288E001CC579 /* Event.swift */ = {isa = PBXFileReference; fileEncoding = 4; lastKnownFileType = sourcecode.swift; path = Event.swift; sourceTree = "<group>"; };
		6BC670F11C202EE0001CC579 /* EventViewController.swift */ = {isa = PBXFileReference; fileEncoding = 4; lastKnownFileType = sourcecode.swift; path = EventViewController.swift; sourceTree = "<group>"; };
		6BCD81E01C215C1E002035FA /* EventFriendViewController.swift */ = {isa = PBXFileReference; fileEncoding = 4; lastKnownFileType = sourcecode.swift; path = EventFriendViewController.swift; sourceTree = "<group>"; };
		6BCD81E31C216CC4002035FA /* SearchFriendViewController.swift */ = {isa = PBXFileReference; fileEncoding = 4; lastKnownFileType = sourcecode.swift; path = SearchFriendViewController.swift; sourceTree = "<group>"; };
		6BE88EA01C2010C300427E57 /* HomeViewController.swift */ = {isa = PBXFileReference; fileEncoding = 4; lastKnownFileType = sourcecode.swift; path = HomeViewController.swift; sourceTree = "<group>"; };
		8DFDE6C678C0114A0AE13F52 /* Pods-clock.debug.xcconfig */ = {isa = PBXFileReference; includeInIndex = 1; lastKnownFileType = text.xcconfig; name = "Pods-clock.debug.xcconfig"; path = "Pods/Target Support Files/Pods-clock/Pods-clock.debug.xcconfig"; sourceTree = "<group>"; };
		95A8EE7798AB4B103D387937 /* Pods_clock.framework */ = {isa = PBXFileReference; explicitFileType = wrapper.framework; includeInIndex = 0; path = Pods_clock.framework; sourceTree = BUILT_PRODUCTS_DIR; };
		C012C0103820C3CBAF658908 /* Pods-clock.release.xcconfig */ = {isa = PBXFileReference; includeInIndex = 1; lastKnownFileType = text.xcconfig; name = "Pods-clock.release.xcconfig"; path = "Pods/Target Support Files/Pods-clock/Pods-clock.release.xcconfig"; sourceTree = "<group>"; };
/* End PBXFileReference section */

/* Begin PBXFrameworksBuildPhase section */
		6B3BF4051C1F01E40023EC48 /* Frameworks */ = {
			isa = PBXFrameworksBuildPhase;
			buildActionMask = 2147483647;
			files = (
				6B3BF4531C1F06410023EC48 /* CoreLocation.framework in Frameworks */,
				6B1254D31C20AEBA00B10CFA /* FBSDKCoreKit.framework in Frameworks */,
				6B1254D41C20AEBA00B10CFA /* FBSDKLoginKit.framework in Frameworks */,
				6B3BF4611C1F067B0023EC48 /* libsqlite3.tbd in Frameworks */,
				6B3BF45F1C1F06740023EC48 /* libz.tbd in Frameworks */,
				6B1254D91C20AEBA00B10CFA /* ParseFacebookUtilsV4.framework in Frameworks */,
				6B1254D51C20AEBA00B10CFA /* FBSDKMessengerShareKit.framework in Frameworks */,
				6B3BF45D1C1F066D0023EC48 /* SystemConfiguration.framework in Frameworks */,
				6B1254D71C20AEBA00B10CFA /* Parse.framework in Frameworks */,
				6B3BF45B1C1F06660023EC48 /* StoreKit.framework in Frameworks */,
				6B3BF4591C1F065E0023EC48 /* Social.framework in Frameworks */,
				6B1254DB1C20AEBA00B10CFA /* ParseUI.framework in Frameworks */,
				6B3BF4571C1F06520023EC48 /* Security.framework in Frameworks */,
				6B3BF4551C1F06490023EC48 /* QuartzCore.framework in Frameworks */,
				6B1254DA1C20AEBA00B10CFA /* ParseTwitterUtils.framework in Frameworks */,
				6B1254D61C20AEBA00B10CFA /* FBSDKShareKit.framework in Frameworks */,
				6B3BF4511C1F06390023EC48 /* CoreGraphics.framework in Frameworks */,
				6B3BF44F1C1F06300023EC48 /* CFNetwork.framework in Frameworks */,
				6B3BF44D1C1F06280023EC48 /* AudioToolbox.framework in Frameworks */,
				6B1254D21C20AEBA00B10CFA /* FBAudienceNetwork.framework in Frameworks */,
				6B3BF44B1C1F061D0023EC48 /* Accounts.framework in Frameworks */,
				6B3BF4441C1F040D0023EC48 /* Bolts.framework in Frameworks */,
				6B3BF4451C1F040D0023EC48 /* Parse.framework in Frameworks */,
				6B1254D01C20AEBA00B10CFA /* Bolts.framework in Frameworks */,
				6B3BF4471C1F040D0023EC48 /* ParseFacebookUtilsV4.framework in Frameworks */,
				6B3BF4481C1F040D0023EC48 /* ParseTwitterUtils.framework in Frameworks */,
				6B3BF4491C1F040D0023EC48 /* ParseUI.framework in Frameworks */,
				E46331DDA4591283FCBB8D60 /* Pods_clock.framework in Frameworks */,
			);
			runOnlyForDeploymentPostprocessing = 0;
		};
/* End PBXFrameworksBuildPhase section */

/* Begin PBXGroup section */
		00263610EEBE2821E52480A0 /* Pods */ = {
			isa = PBXGroup;
			children = (
				8DFDE6C678C0114A0AE13F52 /* Pods-clock.debug.xcconfig */,
				C012C0103820C3CBAF658908 /* Pods-clock.release.xcconfig */,
			);
			name = Pods;
			sourceTree = "<group>";
		};
		6B0C46261C2208C20059D9B3 /* Login */ = {
			isa = PBXGroup;
			children = (
				6BAB9A3E1C1F3A28004D2408 /* LoginViewController.swift */,
				6BAB9A3F1C1F3A28004D2408 /* RegisterViewController.swift */,
			);
			name = Login;
			sourceTree = "<group>";
		};
		6B1A893E1C20460100B72307 /* Fonts */ = {
			isa = PBXGroup;
			children = (
				6B1A893F1C20460100B72307 /* Lato-Black.ttf */,
				6B1A89401C20460100B72307 /* Lato-BlackItalic.ttf */,
				6B1A89411C20460100B72307 /* Lato-Bold.ttf */,
				6B1A89421C20460100B72307 /* Lato-BoldItalic.ttf */,
				6B1A89431C20460100B72307 /* Lato-Hairline.ttf */,
				6B1A89441C20460100B72307 /* Lato-HairlineItalic.ttf */,
				6B1A89451C20460100B72307 /* Lato-Italic.ttf */,
				6B1A89461C20460100B72307 /* Lato-Light.ttf */,
				6B1A89471C20460100B72307 /* Lato-LightItalic.ttf */,
				6B1A89481C20460100B72307 /* Lato-Regular.ttf */,
			);
			name = Fonts;
			path = Clock/Fonts;
			sourceTree = SOURCE_ROOT;
		};
		6B3BF3FF1C1F01E40023EC48 = {
			isa = PBXGroup;
			children = (
				6B3BF4371C1F03E20023EC48 /* Framework */,
				6B3BF40A1C1F01E40023EC48 /* Clock */,
				6B3BF4091C1F01E40023EC48 /* Products */,
				00263610EEBE2821E52480A0 /* Pods */,
				8BC5798C66C8B6A0BFA21757 /* Frameworks */,
			);
			sourceTree = "<group>";
		};
		6B3BF4091C1F01E40023EC48 /* Products */ = {
			isa = PBXGroup;
			children = (
				6B3BF4081C1F01E40023EC48 /* clock.app */,
			);
			name = Products;
			sourceTree = "<group>";
		};
		6B3BF40A1C1F01E40023EC48 /* Clock */ = {
			isa = PBXGroup;
			children = (
				6B8142681C22070F00D3E4AD /* Playground */,
				6B1A893E1C20460100B72307 /* Fonts */,
				6BC670EC1C202A11001CC579 /* Network */,
				6BC670E51C20249B001CC579 /* Helper */,
				6BAB9A451C1F3A3A004D2408 /* View */,
				6BAB9A441C1F3A35004D2408 /* Model */,
				6BAB9A3D1C1F3A28004D2408 /* Controller */,
				6B3BF40B1C1F01E40023EC48 /* AppDelegate.swift */,
				6B8142641C21ABB000D3E4AD /* Assets.xcassets */,
				6B3BF4171C1F01E40023EC48 /* Info.plist */,
			);
			name = Clock;
			path = clock;
			sourceTree = "<group>";
		};
		6B3BF4371C1F03E20023EC48 /* Framework */ = {
			isa = PBXGroup;
			children = (
				6B1254C41C20AEBA00B10CFA /* Bolts.framework */,
				6B1254C51C20AEBA00B10CFA /* FacebookSDKStrings.bundle */,
				6B1254C61C20AEBA00B10CFA /* FBAudienceNetwork.framework */,
				6B1254C71C20AEBA00B10CFA /* FBSDKCoreKit.framework */,
				6B1254C81C20AEBA00B10CFA /* FBSDKLoginKit.framework */,
				6B1254C91C20AEBA00B10CFA /* FBSDKMessengerShareKit.framework */,
				6B1254CA1C20AEBA00B10CFA /* FBSDKShareKit.framework */,
				6B1254CB1C20AEBA00B10CFA /* Parse.framework */,
				6B1254CC1C20AEBA00B10CFA /* ParseFacebookUtils.framework */,
				6B1254CD1C20AEBA00B10CFA /* ParseFacebookUtilsV4.framework */,
				6B1254CE1C20AEBA00B10CFA /* ParseTwitterUtils.framework */,
				6B1254CF1C20AEBA00B10CFA /* ParseUI.framework */,
				6B3BF4601C1F067B0023EC48 /* libsqlite3.tbd */,
				6B3BF45E1C1F06740023EC48 /* libz.tbd */,
				6B3BF45C1C1F066D0023EC48 /* SystemConfiguration.framework */,
				6B3BF45A1C1F06660023EC48 /* StoreKit.framework */,
				6B3BF4581C1F065E0023EC48 /* Social.framework */,
				6B3BF4561C1F06520023EC48 /* Security.framework */,
				6B3BF4541C1F06490023EC48 /* QuartzCore.framework */,
				6B3BF4521C1F06410023EC48 /* CoreLocation.framework */,
				6B3BF4501C1F06390023EC48 /* CoreGraphics.framework */,
				6B3BF44E1C1F06300023EC48 /* CFNetwork.framework */,
				6B3BF44C1C1F06280023EC48 /* AudioToolbox.framework */,
				6B3BF44A1C1F061D0023EC48 /* Accounts.framework */,
				6B3BF4381C1F03E20023EC48 /* Bolts.framework */,
				6B3BF4391C1F03E20023EC48 /* Parse.framework */,
				6B3BF43A1C1F03E20023EC48 /* ParseFacebookUtils.framework */,
				6B3BF43B1C1F03E20023EC48 /* ParseFacebookUtilsV4.framework */,
				6B3BF43C1C1F03E20023EC48 /* ParseTwitterUtils.framework */,
				6B3BF43D1C1F03E20023EC48 /* ParseUI.framework */,
			);
			path = Framework;
			sourceTree = "<group>";
		};
		6B4CDE411C208C43000AB56E /* Parse */ = {
			isa = PBXGroup;
			children = (
				6B4CDE421C208C9E000AB56E /* EventSynchroniser.swift */,
				6B0312671C21758E00D48AE4 /* UserSynchroniser.swift */,
				6B0C46271C220D610059D9B3 /* GuestSynchroniser.swift */,
				6B0C462F1C2233180059D9B3 /* CheckinSynchroniser.swift */,
			);
			name = Parse;
			sourceTree = "<group>";
		};
		6B5D4D3C1C20C09100B7EB09 /* Cell */ = {
			isa = PBXGroup;
			children = (
				6B5D4D3D1C20C0B300B7EB09 /* EventTableViewCell.swift */,
				6B0312651C21752500D48AE4 /* UserTableViewCell.swift */,
				6B8142661C22050200D3E4AD /* FriendCollectionViewCell.swift */,
			);
			name = Cell;
			sourceTree = "<group>";
		};
		6B8142681C22070F00D3E4AD /* Playground */ = {
			isa = PBXGroup;
			children = (
				6B0C46251C22073D0059D9B3 /* try.playground */,
			);
			name = Playground;
			path = Clock/Playground;
			sourceTree = SOURCE_ROOT;
		};
		6BAB9A3D1C1F3A28004D2408 /* Controller */ = {
			isa = PBXGroup;
			children = (
				6B0C46261C2208C20059D9B3 /* Login */,
				6BCD81E21C216CA5002035FA /* Event */,
				6BE88EA01C2010C300427E57 /* HomeViewController.swift */,
				6B4CDE3D1C206D05000AB56E /* AccountViewController.swift */,
				6B4CDE3F1C206D82000AB56E /* NavigationController.swift */,
			);
			name = Controller;
			path = Clock/Controller;
			sourceTree = SOURCE_ROOT;
		};
		6BAB9A441C1F3A35004D2408 /* Model */ = {
			isa = PBXGroup;
			children = (
				6B1A89231C203F0E00B72307 /* ParseModelProtocol.swift */,
				6BBE2E831C1F72760085B2D3 /* User.swift */,
				6BC670EA1C20288E001CC579 /* Event.swift */,
				6B0C46291C220DEF0059D9B3 /* Guest.swift */,
				6B0C46311C2233300059D9B3 /* Checkin.swift */,
			);
			name = Model;
			path = Clock/Model;
			sourceTree = SOURCE_ROOT;
		};
		6BAB9A451C1F3A3A004D2408 /* View */ = {
			isa = PBXGroup;
			children = (
				6B5D4D3C1C20C09100B7EB09 /* Cell */,
				6B3BF4141C1F01E40023EC48 /* LaunchScreen.storyboard */,
				6B3BF40F1C1F01E40023EC48 /* Main.storyboard */,
				6BA81C271C20169200CF3880 /* Login.storyboard */,
			);
			name = View;
			path = Clock/View;
			sourceTree = SOURCE_ROOT;
		};
		6BC670E51C20249B001CC579 /* Helper */ = {
			isa = PBXGroup;
			children = (
				6B93FB0A1C20AA9F00258CB1 /* clock-Bridging-Header.h */,
				6BC670E61C20249B001CC579 /* Redirect.swift */,
				6BC670E81C2024CE001CC579 /* Alert.swift */,
				6B1A893A1C20427200B72307 /* Font.swift */,
				6B1A893C1C2042B800B72307 /* UIColorFromRGBA.swift */,
				6B032D271C20561800983F7D /* CustomTextField.swift */,
				6B8142621C21AA2B00D3E4AD /* Array.swift */,
			);
			name = Helper;
			path = Clock/Helper;
			sourceTree = SOURCE_ROOT;
		};
		6BC670EC1C202A11001CC579 /* Network */ = {
			isa = PBXGroup;
			children = (
				6B4CDE411C208C43000AB56E /* Parse */,
				6B1A89211C203D4C00B72307 /* NetworkOperation.swift */,
			);
			name = Network;
			path = Clock/Network;
			sourceTree = SOURCE_ROOT;
		};
		6BCD81E21C216CA5002035FA /* Event */ = {
			isa = PBXGroup;
			children = (
				6BC670F11C202EE0001CC579 /* EventViewController.swift */,
				6B5D4D3F1C20C18700B7EB09 /* EventDetailViewController.swift */,
				6BCD81E01C215C1E002035FA /* EventFriendViewController.swift */,
				6BCD81E31C216CC4002035FA /* SearchFriendViewController.swift */,
			);
			name = Event;
			sourceTree = "<group>";
		};
		8BC5798C66C8B6A0BFA21757 /* Frameworks */ = {
			isa = PBXGroup;
			children = (
				6B93FB0F1C20ABB400258CB1 /* FBSDKCoreKit.framework */,
				6B93FB101C20ABB400258CB1 /* FBSDKLoginKit.framework */,
				6B93FB0D1C20AAF900258CB1 /* GoogleMaps.framework */,
				6B93FB081C20A8E600258CB1 /* FacebookSDK.framework */,
				95A8EE7798AB4B103D387937 /* Pods_clock.framework */,
			);
			name = Frameworks;
			sourceTree = "<group>";
		};
/* End PBXGroup section */

/* Begin PBXNativeTarget section */
		6B3BF4071C1F01E40023EC48 /* clock */ = {
			isa = PBXNativeTarget;
			buildConfigurationList = 6B3BF41A1C1F01E40023EC48 /* Build configuration list for PBXNativeTarget "clock" */;
			buildPhases = (
				67D92D1F4A2B273490F4F9AB /* Check Pods Manifest.lock */,
				6B3BF4041C1F01E40023EC48 /* Sources */,
				6B3BF4051C1F01E40023EC48 /* Frameworks */,
				6B3BF4061C1F01E40023EC48 /* Resources */,
				E3956F37330B8D1A7C2B9A76 /* Embed Pods Frameworks */,
				58B1E4D74D234D2041FCC4EB /* Copy Pods Resources */,
			);
			buildRules = (
			);
			dependencies = (
			);
			name = clock;
			productName = clock;
			productReference = 6B3BF4081C1F01E40023EC48 /* clock.app */;
			productType = "com.apple.product-type.application";
		};
/* End PBXNativeTarget section */

/* Begin PBXProject section */
		6B3BF4001C1F01E40023EC48 /* Project object */ = {
			isa = PBXProject;
			attributes = {
				LastSwiftUpdateCheck = 0720;
				LastUpgradeCheck = 0720;
				ORGANIZATIONNAME = paulboiseau;
				TargetAttributes = {
					6B3BF4071C1F01E40023EC48 = {
						CreatedOnToolsVersion = 7.2;
						DevelopmentTeam = HV4W59R5LD;
					};
				};
			};
			buildConfigurationList = 6B3BF4031C1F01E40023EC48 /* Build configuration list for PBXProject "clock" */;
			compatibilityVersion = "Xcode 3.2";
			developmentRegion = English;
			hasScannedForEncodings = 0;
			knownRegions = (
				en,
				Base,
			);
			mainGroup = 6B3BF3FF1C1F01E40023EC48;
			productRefGroup = 6B3BF4091C1F01E40023EC48 /* Products */;
			projectDirPath = "";
			projectRoot = "";
			targets = (
				6B3BF4071C1F01E40023EC48 /* clock */,
			);
		};
/* End PBXProject section */

/* Begin PBXResourcesBuildPhase section */
		6B3BF4061C1F01E40023EC48 /* Resources */ = {
			isa = PBXResourcesBuildPhase;
			buildActionMask = 2147483647;
			files = (
				6B1A894A1C20460100B72307 /* Lato-BlackItalic.ttf in Resources */,
				6B1A894F1C20460100B72307 /* Lato-Italic.ttf in Resources */,
				6B1A894D1C20460100B72307 /* Lato-Hairline.ttf in Resources */,
				6B1A89501C20460100B72307 /* Lato-Light.ttf in Resources */,
				6B8142651C21ABB000D3E4AD /* Assets.xcassets in Resources */,
				6B1A894E1C20460100B72307 /* Lato-HairlineItalic.ttf in Resources */,
				6BA81C281C20169200CF3880 /* Login.storyboard in Resources */,
				6B1254D11C20AEBA00B10CFA /* FacebookSDKStrings.bundle in Resources */,
				6B1A894C1C20460100B72307 /* Lato-BoldItalic.ttf in Resources */,
				6B3BF4161C1F01E40023EC48 /* LaunchScreen.storyboard in Resources */,
				6B1A894B1C20460100B72307 /* Lato-Bold.ttf in Resources */,
				6B1A89521C20460100B72307 /* Lato-Regular.ttf in Resources */,
				6B1A89511C20460100B72307 /* Lato-LightItalic.ttf in Resources */,
				6B3BF4111C1F01E40023EC48 /* Main.storyboard in Resources */,
				6B1A89491C20460100B72307 /* Lato-Black.ttf in Resources */,
			);
			runOnlyForDeploymentPostprocessing = 0;
		};
/* End PBXResourcesBuildPhase section */

/* Begin PBXShellScriptBuildPhase section */
		58B1E4D74D234D2041FCC4EB /* Copy Pods Resources */ = {
			isa = PBXShellScriptBuildPhase;
			buildActionMask = 2147483647;
			files = (
			);
			inputPaths = (
			);
			name = "Copy Pods Resources";
			outputPaths = (
			);
			runOnlyForDeploymentPostprocessing = 0;
			shellPath = /bin/sh;
			shellScript = "\"${SRCROOT}/Pods/Target Support Files/Pods-clock/Pods-clock-resources.sh\"\n";
			showEnvVarsInLog = 0;
		};
		67D92D1F4A2B273490F4F9AB /* Check Pods Manifest.lock */ = {
			isa = PBXShellScriptBuildPhase;
			buildActionMask = 2147483647;
			files = (
			);
			inputPaths = (
			);
			name = "Check Pods Manifest.lock";
			outputPaths = (
			);
			runOnlyForDeploymentPostprocessing = 0;
			shellPath = /bin/sh;
			shellScript = "diff \"${PODS_ROOT}/../Podfile.lock\" \"${PODS_ROOT}/Manifest.lock\" > /dev/null\nif [[ $? != 0 ]] ; then\n    cat << EOM\nerror: The sandbox is not in sync with the Podfile.lock. Run 'pod install' or update your CocoaPods installation.\nEOM\n    exit 1\nfi\n";
			showEnvVarsInLog = 0;
		};
		E3956F37330B8D1A7C2B9A76 /* Embed Pods Frameworks */ = {
			isa = PBXShellScriptBuildPhase;
			buildActionMask = 2147483647;
			files = (
			);
			inputPaths = (
			);
			name = "Embed Pods Frameworks";
			outputPaths = (
			);
			runOnlyForDeploymentPostprocessing = 0;
			shellPath = /bin/sh;
			shellScript = "\"${SRCROOT}/Pods/Target Support Files/Pods-clock/Pods-clock-frameworks.sh\"\n";
			showEnvVarsInLog = 0;
		};
/* End PBXShellScriptBuildPhase section */

/* Begin PBXSourcesBuildPhase section */
		6B3BF4041C1F01E40023EC48 /* Sources */ = {
			isa = PBXSourcesBuildPhase;
			buildActionMask = 2147483647;
			files = (
				6B0C46321C2233300059D9B3 /* Checkin.swift in Sources */,
				6B5D4D3E1C20C0B300B7EB09 /* EventTableViewCell.swift in Sources */,
				6B5D4D401C20C18700B7EB09 /* EventDetailViewController.swift in Sources */,
				6B8142671C22050200D3E4AD /* FriendCollectionViewCell.swift in Sources */,
				6B0312661C21752500D48AE4 /* UserTableViewCell.swift in Sources */,
				6BC670E71C20249B001CC579 /* Redirect.swift in Sources */,
				6B4CDE431C208C9E000AB56E /* EventSynchroniser.swift in Sources */,
				6BC670F21C202EE0001CC579 /* EventViewController.swift in Sources */,
				6B4CDE3E1C206D05000AB56E /* AccountViewController.swift in Sources */,
				6B1A893B1C20427200B72307 /* Font.swift in Sources */,
				6BCD81E11C215C1E002035FA /* EventFriendViewController.swift in Sources */,
				6BC670EB1C20288E001CC579 /* Event.swift in Sources */,
				6B4CDE401C206D82000AB56E /* NavigationController.swift in Sources */,
				6B1A893D1C2042B800B72307 /* UIColorFromRGBA.swift in Sources */,
				6BAB9A421C1F3A28004D2408 /* RegisterViewController.swift in Sources */,
				6B1A89241C203F0E00B72307 /* ParseModelProtocol.swift in Sources */,
				6BAB9A411C1F3A28004D2408 /* LoginViewController.swift in Sources */,
				6B0C46301C2233180059D9B3 /* CheckinSynchroniser.swift in Sources */,
				6BBE2E841C1F72760085B2D3 /* User.swift in Sources */,
				6B0312681C21758E00D48AE4 /* UserSynchroniser.swift in Sources */,
				6B3BF40C1C1F01E40023EC48 /* AppDelegate.swift in Sources */,
				6BCD81E41C216CC4002035FA /* SearchFriendViewController.swift in Sources */,
				6B0C462A1C220DEF0059D9B3 /* Guest.swift in Sources */,
				6BC670E91C2024CE001CC579 /* Alert.swift in Sources */,
				6B0C46281C220D610059D9B3 /* GuestSynchroniser.swift in Sources */,
				6B1A89221C203D4C00B72307 /* NetworkOperation.swift in Sources */,
				6B8142631C21AA2B00D3E4AD /* Array.swift in Sources */,
				6BE88EA11C2010C300427E57 /* HomeViewController.swift in Sources */,
				6B032D281C20561800983F7D /* CustomTextField.swift in Sources */,
			);
			runOnlyForDeploymentPostprocessing = 0;
		};
/* End PBXSourcesBuildPhase section */

/* Begin PBXVariantGroup section */
		6B3BF40F1C1F01E40023EC48 /* Main.storyboard */ = {
			isa = PBXVariantGroup;
			children = (
				6B3BF4101C1F01E40023EC48 /* Base */,
			);
			name = Main.storyboard;
			path = ../../clock;
			sourceTree = "<group>";
		};
		6B3BF4141C1F01E40023EC48 /* LaunchScreen.storyboard */ = {
			isa = PBXVariantGroup;
			children = (
				6B3BF4151C1F01E40023EC48 /* Base */,
			);
			name = LaunchScreen.storyboard;
			path = ../../clock;
			sourceTree = "<group>";
		};
/* End PBXVariantGroup section */

/* Begin XCBuildConfiguration section */
		6B3BF4181C1F01E40023EC48 /* Debug */ = {
			isa = XCBuildConfiguration;
			buildSettings = {
				ALWAYS_SEARCH_USER_PATHS = NO;
				CLANG_CXX_LANGUAGE_STANDARD = "gnu++0x";
				CLANG_CXX_LIBRARY = "libc++";
				CLANG_ENABLE_MODULES = YES;
				CLANG_ENABLE_OBJC_ARC = YES;
				CLANG_WARN_BOOL_CONVERSION = YES;
				CLANG_WARN_CONSTANT_CONVERSION = YES;
				CLANG_WARN_DIRECT_OBJC_ISA_USAGE = YES_ERROR;
				CLANG_WARN_EMPTY_BODY = YES;
				CLANG_WARN_ENUM_CONVERSION = YES;
				CLANG_WARN_INT_CONVERSION = YES;
				CLANG_WARN_OBJC_ROOT_CLASS = YES_ERROR;
				CLANG_WARN_UNREACHABLE_CODE = YES;
				CLANG_WARN__DUPLICATE_METHOD_MATCH = YES;
				"CODE_SIGN_IDENTITY[sdk=iphoneos*]" = "iPhone Developer";
				COPY_PHASE_STRIP = NO;
				DEBUG_INFORMATION_FORMAT = dwarf;
				ENABLE_STRICT_OBJC_MSGSEND = YES;
				ENABLE_TESTABILITY = YES;
				GCC_C_LANGUAGE_STANDARD = gnu99;
				GCC_DYNAMIC_NO_PIC = NO;
				GCC_NO_COMMON_BLOCKS = YES;
				GCC_OPTIMIZATION_LEVEL = 0;
				GCC_PREPROCESSOR_DEFINITIONS = (
					"DEBUG=1",
					"$(inherited)",
				);
				GCC_WARN_64_TO_32_BIT_CONVERSION = YES;
				GCC_WARN_ABOUT_RETURN_TYPE = YES_ERROR;
				GCC_WARN_UNDECLARED_SELECTOR = YES;
				GCC_WARN_UNINITIALIZED_AUTOS = YES_AGGRESSIVE;
				GCC_WARN_UNUSED_FUNCTION = YES;
				GCC_WARN_UNUSED_VARIABLE = YES;
				IPHONEOS_DEPLOYMENT_TARGET = 9.2;
				MTL_ENABLE_DEBUG_INFO = YES;
				ONLY_ACTIVE_ARCH = YES;
				SDKROOT = iphoneos;
				SWIFT_OPTIMIZATION_LEVEL = "-Onone";
			};
			name = Debug;
		};
		6B3BF4191C1F01E40023EC48 /* Release */ = {
			isa = XCBuildConfiguration;
			buildSettings = {
				ALWAYS_SEARCH_USER_PATHS = NO;
				CLANG_CXX_LANGUAGE_STANDARD = "gnu++0x";
				CLANG_CXX_LIBRARY = "libc++";
				CLANG_ENABLE_MODULES = YES;
				CLANG_ENABLE_OBJC_ARC = YES;
				CLANG_WARN_BOOL_CONVERSION = YES;
				CLANG_WARN_CONSTANT_CONVERSION = YES;
				CLANG_WARN_DIRECT_OBJC_ISA_USAGE = YES_ERROR;
				CLANG_WARN_EMPTY_BODY = YES;
				CLANG_WARN_ENUM_CONVERSION = YES;
				CLANG_WARN_INT_CONVERSION = YES;
				CLANG_WARN_OBJC_ROOT_CLASS = YES_ERROR;
				CLANG_WARN_UNREACHABLE_CODE = YES;
				CLANG_WARN__DUPLICATE_METHOD_MATCH = YES;
				"CODE_SIGN_IDENTITY[sdk=iphoneos*]" = "iPhone Developer";
				COPY_PHASE_STRIP = NO;
				DEBUG_INFORMATION_FORMAT = "dwarf-with-dsym";
				ENABLE_NS_ASSERTIONS = NO;
				ENABLE_STRICT_OBJC_MSGSEND = YES;
				GCC_C_LANGUAGE_STANDARD = gnu99;
				GCC_NO_COMMON_BLOCKS = YES;
				GCC_WARN_64_TO_32_BIT_CONVERSION = YES;
				GCC_WARN_ABOUT_RETURN_TYPE = YES_ERROR;
				GCC_WARN_UNDECLARED_SELECTOR = YES;
				GCC_WARN_UNINITIALIZED_AUTOS = YES_AGGRESSIVE;
				GCC_WARN_UNUSED_FUNCTION = YES;
				GCC_WARN_UNUSED_VARIABLE = YES;
				IPHONEOS_DEPLOYMENT_TARGET = 9.2;
				MTL_ENABLE_DEBUG_INFO = NO;
				SDKROOT = iphoneos;
				VALIDATE_PRODUCT = YES;
			};
			name = Release;
		};
		6B3BF41B1C1F01E40023EC48 /* Debug */ = {
			isa = XCBuildConfiguration;
			baseConfigurationReference = 8DFDE6C678C0114A0AE13F52 /* Pods-clock.debug.xcconfig */;
			buildSettings = {
				ASSETCATALOG_COMPILER_APPICON_NAME = AppIcon;
				CLANG_ENABLE_MODULES = YES;
				CODE_SIGN_IDENTITY = "iPhone Developer";
				FRAMEWORK_SEARCH_PATHS = (
					"$(inherited)",
					"$(PROJECT_DIR)/clock",
					"$(PROJECT_DIR)/framework",
					"$(PROJECT_DIR)/Framework",
					"$(PROJECT_DIR)/build/Debug-iphoneos",
					"$(PROJECT_DIR)/Pods/GoogleMaps/Frameworks",
				);
				INFOPLIST_FILE = clock/Info.plist;
				IPHONEOS_DEPLOYMENT_TARGET = 9.0;
				LD_RUNPATH_SEARCH_PATHS = "$(inherited) @executable_path/Frameworks";
				PRODUCT_BUNDLE_IDENTIFIER = com.paulboiseau.clock;
				PRODUCT_NAME = "$(TARGET_NAME)";
				SWIFT_OBJC_BRIDGING_HEADER = "clock/clock-Bridging-Header.h";
				SWIFT_OPTIMIZATION_LEVEL = "-Onone";
			};
			name = Debug;
		};
		6B3BF41C1C1F01E40023EC48 /* Release */ = {
			isa = XCBuildConfiguration;
			baseConfigurationReference = C012C0103820C3CBAF658908 /* Pods-clock.release.xcconfig */;
			buildSettings = {
				ASSETCATALOG_COMPILER_APPICON_NAME = AppIcon;
				CLANG_ENABLE_MODULES = YES;
				CODE_SIGN_IDENTITY = "iPhone Developer";
				FRAMEWORK_SEARCH_PATHS = (
					"$(inherited)",
					"$(PROJECT_DIR)/clock",
					"$(PROJECT_DIR)/framework",
					"$(PROJECT_DIR)/Framework",
					"$(PROJECT_DIR)/build/Debug-iphoneos",
					"$(PROJECT_DIR)/Pods/GoogleMaps/Frameworks",
				);
				INFOPLIST_FILE = clock/Info.plist;
				IPHONEOS_DEPLOYMENT_TARGET = 9.0;
				LD_RUNPATH_SEARCH_PATHS = "$(inherited) @executable_path/Frameworks";
				OTHER_LDFLAGS = "";
				PRODUCT_BUNDLE_IDENTIFIER = com.paulboiseau.clock;
				PRODUCT_NAME = "$(TARGET_NAME)";
				SWIFT_OBJC_BRIDGING_HEADER = "clock/clock-Bridging-Header.h";
			};
			name = Release;
		};
/* End XCBuildConfiguration section */

/* Begin XCConfigurationList section */
		6B3BF4031C1F01E40023EC48 /* Build configuration list for PBXProject "clock" */ = {
			isa = XCConfigurationList;
			buildConfigurations = (
				6B3BF4181C1F01E40023EC48 /* Debug */,
				6B3BF4191C1F01E40023EC48 /* Release */,
			);
			defaultConfigurationIsVisible = 0;
			defaultConfigurationName = Release;
		};
		6B3BF41A1C1F01E40023EC48 /* Build configuration list for PBXNativeTarget "clock" */ = {
			isa = XCConfigurationList;
			buildConfigurations = (
				6B3BF41B1C1F01E40023EC48 /* Debug */,
				6B3BF41C1C1F01E40023EC48 /* Release */,
			);
			defaultConfigurationIsVisible = 0;
			defaultConfigurationName = Release;
		};
/* End XCConfigurationList section */
	};
	rootObject = 6B3BF4001C1F01E40023EC48 /* Project object */;
}
